// !$*UTF8*$!
{
	archiveVersion = 1;
	classes = {
	};
	objectVersion = 46;
	objects = {

/* Begin PBXBuildFile section */
		5052623417C72ACC004C4724 /* http_sample_data in Resources */ = {isa = PBXBuildFile; fileRef = 5052623317C72ACC004C4724 /* http_sample_data */; };
		5062B61917C4C10400A2495D /* UIKit.framework in Frameworks */ = {isa = PBXBuildFile; fileRef = 5062B61817C4C10400A2495D /* UIKit.framework */; };
		5062B61B17C4C10400A2495D /* Foundation.framework in Frameworks */ = {isa = PBXBuildFile; fileRef = 5062B61A17C4C10400A2495D /* Foundation.framework */; };
		5062B61D17C4C10400A2495D /* CoreGraphics.framework in Frameworks */ = {isa = PBXBuildFile; fileRef = 5062B61C17C4C10400A2495D /* CoreGraphics.framework */; };
		5062B61F17C4C10400A2495D /* CoreData.framework in Frameworks */ = {isa = PBXBuildFile; fileRef = 5062B61E17C4C10400A2495D /* CoreData.framework */; };
		5062B62517C4C10400A2495D /* InfoPlist.strings in Resources */ = {isa = PBXBuildFile; fileRef = 5062B62317C4C10400A2495D /* InfoPlist.strings */; };
		5062B62717C4C10400A2495D /* main.m in Sources */ = {isa = PBXBuildFile; fileRef = 5062B62617C4C10400A2495D /* main.m */; };
		5062B62B17C4C10400A2495D /* AppDelegate.m in Sources */ = {isa = PBXBuildFile; fileRef = 5062B62A17C4C10400A2495D /* AppDelegate.m */; };
		5062B62D17C4C10400A2495D /* Default.png in Resources */ = {isa = PBXBuildFile; fileRef = 5062B62C17C4C10400A2495D /* Default.png */; };
		5062B62F17C4C10400A2495D /* Default@2x.png in Resources */ = {isa = PBXBuildFile; fileRef = 5062B62E17C4C10400A2495D /* Default@2x.png */; };
		5062B63117C4C10400A2495D /* Default-568h@2x.png in Resources */ = {isa = PBXBuildFile; fileRef = 5062B63017C4C10400A2495D /* Default-568h@2x.png */; };
		5062B63417C4C10400A2495D /* SMAddressBook.xcdatamodeld in Sources */ = {isa = PBXBuildFile; fileRef = 5062B63217C4C10400A2495D /* SMAddressBook.xcdatamodeld */; };
		5062B63B17C4C12800A2495D /* Podfile in Resources */ = {isa = PBXBuildFile; fileRef = 5062B63A17C4C12800A2495D /* Podfile */; };
		5062B64317C4CC0400A2495D /* MenuTableViewController.m in Sources */ = {isa = PBXBuildFile; fileRef = 5062B64217C4CC0400A2495D /* MenuTableViewController.m */; };
		5062B64617C4CC2700A2495D /* BaseViewController.m in Sources */ = {isa = PBXBuildFile; fileRef = 5062B64517C4CC2600A2495D /* BaseViewController.m */; };
		5062B64A17C4CCEE00A2495D /* PortraitNavigationController.m in Sources */ = {isa = PBXBuildFile; fileRef = 5062B64917C4CCEE00A2495D /* PortraitNavigationController.m */; };
		5062B64E17C4CDDC00A2495D /* UserContext.m in Sources */ = {isa = PBXBuildFile; fileRef = 5062B64D17C4CDDC00A2495D /* UserContext.m */; };
		5062B65117C4D24700A2495D /* LoginViewController.m in Sources */ = {isa = PBXBuildFile; fileRef = 5062B65017C4D24700A2495D /* LoginViewController.m */; };
		5062B69A17C4D72F00A2495D /* 007-StockPhoto-320x568@2x.png in Resources */ = {isa = PBXBuildFile; fileRef = 5062B65417C4D72F00A2495D /* 007-StockPhoto-320x568@2x.png */; };
		5062B69B17C4D72F00A2495D /* back-arrow.png in Resources */ = {isa = PBXBuildFile; fileRef = 5062B65517C4D72F00A2495D /* back-arrow.png */; };
		5062B69C17C4D72F00A2495D /* back-arrow@2x.png in Resources */ = {isa = PBXBuildFile; fileRef = 5062B65617C4D72F00A2495D /* back-arrow@2x.png */; };
		5062B69D17C4D72F00A2495D /* btn_like_more.png in Resources */ = {isa = PBXBuildFile; fileRef = 5062B65717C4D72F00A2495D /* btn_like_more.png */; };
		5062B69E17C4D72F00A2495D /* btn_like_more@2x.png in Resources */ = {isa = PBXBuildFile; fileRef = 5062B65817C4D72F00A2495D /* btn_like_more@2x.png */; };
		5062B69F17C4D72F00A2495D /* btn_menu.png in Resources */ = {isa = PBXBuildFile; fileRef = 5062B65917C4D72F00A2495D /* btn_menu.png */; };
		5062B6A017C4D72F00A2495D /* btn_menu@2x.png in Resources */ = {isa = PBXBuildFile; fileRef = 5062B65A17C4D72F00A2495D /* btn_menu@2x.png */; };
		5062B6A117C4D72F00A2495D /* cell_background.png in Resources */ = {isa = PBXBuildFile; fileRef = 5062B65B17C4D72F00A2495D /* cell_background.png */; };
		5062B6A217C4D72F00A2495D /* cell_background@2x.png in Resources */ = {isa = PBXBuildFile; fileRef = 5062B65C17C4D72F00A2495D /* cell_background@2x.png */; };
		5062B6A317C4D72F00A2495D /* cell_selected_background.png in Resources */ = {isa = PBXBuildFile; fileRef = 5062B65D17C4D72F00A2495D /* cell_selected_background.png */; };
		5062B6A417C4D72F00A2495D /* cell_selected_background@2x.png in Resources */ = {isa = PBXBuildFile; fileRef = 5062B65E17C4D72F00A2495D /* cell_selected_background@2x.png */; };
		5062B6A517C4D72F00A2495D /* check_off.png in Resources */ = {isa = PBXBuildFile; fileRef = 5062B65F17C4D72F00A2495D /* check_off.png */; };
		5062B6A617C4D72F00A2495D /* check_off@2x.png in Resources */ = {isa = PBXBuildFile; fileRef = 5062B66017C4D72F00A2495D /* check_off@2x.png */; };
		5062B6A717C4D72F00A2495D /* check_on.png in Resources */ = {isa = PBXBuildFile; fileRef = 5062B66117C4D72F00A2495D /* check_on.png */; };
		5062B6A817C4D72F00A2495D /* check_on@2x.png in Resources */ = {isa = PBXBuildFile; fileRef = 5062B66217C4D72F00A2495D /* check_on@2x.png */; };
		5062B6A917C4D72F00A2495D /* common_doum_icon_off.png in Resources */ = {isa = PBXBuildFile; fileRef = 5062B66317C4D72F00A2495D /* common_doum_icon_off.png */; };
		5062B6AA17C4D72F00A2495D /* common_doum_icon_off@2x.png in Resources */ = {isa = PBXBuildFile; fileRef = 5062B66417C4D72F00A2495D /* common_doum_icon_off@2x.png */; };
		5062B6AB17C4D72F00A2495D /* common_doum_icon_on.png in Resources */ = {isa = PBXBuildFile; fileRef = 5062B66517C4D72F00A2495D /* common_doum_icon_on.png */; };
		5062B6AC17C4D72F00A2495D /* common_doum_icon_on@2x.png in Resources */ = {isa = PBXBuildFile; fileRef = 5062B66617C4D72F00A2495D /* common_doum_icon_on@2x.png */; };
		5062B6AD17C4D72F00A2495D /* common_input_search_icon.png in Resources */ = {isa = PBXBuildFile; fileRef = 5062B66717C4D72F00A2495D /* common_input_search_icon.png */; };
		5062B6AE17C4D72F00A2495D /* common_input_search_icon@2x.png in Resources */ = {isa = PBXBuildFile; fileRef = 5062B66817C4D72F00A2495D /* common_input_search_icon@2x.png */; };
		5062B6AF17C4D72F00A2495D /* help_icon@2x.png in Resources */ = {isa = PBXBuildFile; fileRef = 5062B66917C4D72F00A2495D /* help_icon@2x.png */; };
		5062B6B017C4D72F00A2495D /* icon_send_.png in Resources */ = {isa = PBXBuildFile; fileRef = 5062B66A17C4D72F00A2495D /* icon_send_.png */; };
		5062B6B117C4D72F00A2495D /* icon_send_@2x.png in Resources */ = {isa = PBXBuildFile; fileRef = 5062B66B17C4D72F00A2495D /* icon_send_@2x.png */; };
		5062B6B217C4D72F00A2495D /* icon_suggest.png in Resources */ = {isa = PBXBuildFile; fileRef = 5062B66C17C4D72F00A2495D /* icon_suggest.png */; };
		5062B6B317C4D72F00A2495D /* icon_suggest@2x.png in Resources */ = {isa = PBXBuildFile; fileRef = 5062B66D17C4D72F00A2495D /* icon_suggest@2x.png */; };
		5062B6B417C4D72F00A2495D /* left_cell_background.png in Resources */ = {isa = PBXBuildFile; fileRef = 5062B66E17C4D72F00A2495D /* left_cell_background.png */; };
		5062B6B517C4D72F00A2495D /* left_cell_background@2x.png in Resources */ = {isa = PBXBuildFile; fileRef = 5062B66F17C4D72F00A2495D /* left_cell_background@2x.png */; };
		5062B6B617C4D72F00A2495D /* left_cell_selected_background.png in Resources */ = {isa = PBXBuildFile; fileRef = 5062B67017C4D72F00A2495D /* left_cell_selected_background.png */; };
		5062B6B717C4D72F00A2495D /* left_cell_selected_background@2x.png in Resources */ = {isa = PBXBuildFile; fileRef = 5062B67117C4D72F00A2495D /* left_cell_selected_background@2x.png */; };
		5062B6B817C4D72F00A2495D /* left_section_background.png in Resources */ = {isa = PBXBuildFile; fileRef = 5062B67217C4D72F00A2495D /* left_section_background.png */; };
		5062B6B917C4D72F00A2495D /* left_section_background@2x.png in Resources */ = {isa = PBXBuildFile; fileRef = 5062B67317C4D72F00A2495D /* left_section_background@2x.png */; };
		5062B6BC17C4D72F00A2495D /* music_layer_stop.png in Resources */ = {isa = PBXBuildFile; fileRef = 5062B67617C4D72F00A2495D /* music_layer_stop.png */; };
		5062B6BD17C4D72F00A2495D /* music_layer_stop@2x.png in Resources */ = {isa = PBXBuildFile; fileRef = 5062B67717C4D72F00A2495D /* music_layer_stop@2x.png */; };
		5062B6BE17C4D72F00A2495D /* placeholder.png in Resources */ = {isa = PBXBuildFile; fileRef = 5062B67817C4D72F00A2495D /* placeholder.png */; };
		5062B6BF17C4D72F00A2495D /* placeholder@2x.png in Resources */ = {isa = PBXBuildFile; fileRef = 5062B67917C4D72F00A2495D /* placeholder@2x.png */; };
		5062B6C017C4D72F00A2495D /* poi_icon_owner.png in Resources */ = {isa = PBXBuildFile; fileRef = 5062B67A17C4D72F00A2495D /* poi_icon_owner.png */; };
		5062B6C117C4D72F00A2495D /* poi_icon_owner@2x.png in Resources */ = {isa = PBXBuildFile; fileRef = 5062B67B17C4D72F00A2495D /* poi_icon_owner@2x.png */; };
		5062B6C217C4D72F00A2495D /* photo_thumb.png in Resources */ = {isa = PBXBuildFile; fileRef = 5062B67C17C4D72F00A2495D /* photo_thumb.png */; };
		5062B6C317C4D72F00A2495D /* photo_thumb@2x.png in Resources */ = {isa = PBXBuildFile; fileRef = 5062B67D17C4D72F00A2495D /* photo_thumb@2x.png */; };
		5062B6C417C4D72F00A2495D /* profile_iconbtn_1.png in Resources */ = {isa = PBXBuildFile; fileRef = 5062B67E17C4D72F00A2495D /* profile_iconbtn_1.png */; };
		5062B6C517C4D72F00A2495D /* profile_iconbtn_1@2x.png in Resources */ = {isa = PBXBuildFile; fileRef = 5062B67F17C4D72F00A2495D /* profile_iconbtn_1@2x.png */; };
		5062B6C617C4D72F00A2495D /* profile_iconbtn_3.png in Resources */ = {isa = PBXBuildFile; fileRef = 5062B68017C4D72F00A2495D /* profile_iconbtn_3.png */; };
		5062B6C717C4D72F00A2495D /* profile_iconbtn_3@2x.png in Resources */ = {isa = PBXBuildFile; fileRef = 5062B68117C4D72F00A2495D /* profile_iconbtn_3@2x.png */; };
		5062B6C817C4D72F00A2495D /* profile_iconbtn_4.png in Resources */ = {isa = PBXBuildFile; fileRef = 5062B68217C4D72F00A2495D /* profile_iconbtn_4.png */; };
		5062B6C917C4D72F00A2495D /* profile_iconbtn_4@2x.png in Resources */ = {isa = PBXBuildFile; fileRef = 5062B68317C4D72F00A2495D /* profile_iconbtn_4@2x.png */; };
		5062B6CA17C4D72F00A2495D /* profile_iconbtn_5.png in Resources */ = {isa = PBXBuildFile; fileRef = 5062B68417C4D72F00A2495D /* profile_iconbtn_5.png */; };
		5062B6CB17C4D72F00A2495D /* profile_iconbtn_5@2x.png in Resources */ = {isa = PBXBuildFile; fileRef = 5062B68517C4D72F00A2495D /* profile_iconbtn_5@2x.png */; };
		5062B6CC17C4D72F00A2495D /* profile_iconbtn_6.png in Resources */ = {isa = PBXBuildFile; fileRef = 5062B68617C4D72F00A2495D /* profile_iconbtn_6.png */; };
		5062B6CD17C4D72F00A2495D /* profile_iconbtn_6@2x.png in Resources */ = {isa = PBXBuildFile; fileRef = 5062B68717C4D72F00A2495D /* profile_iconbtn_6@2x.png */; };
		5062B6CE17C4D72F00A2495D /* profile_iconbtn_9.png in Resources */ = {isa = PBXBuildFile; fileRef = 5062B68817C4D72F00A2495D /* profile_iconbtn_9.png */; };
		5062B6CF17C4D72F00A2495D /* profile_iconbtn_9@2x.png in Resources */ = {isa = PBXBuildFile; fileRef = 5062B68917C4D72F00A2495D /* profile_iconbtn_9@2x.png */; };
		5062B6D017C4D72F00A2495D /* profile_noimg.png in Resources */ = {isa = PBXBuildFile; fileRef = 5062B68A17C4D72F00A2495D /* profile_noimg.png */; };
		5062B6D117C4D72F00A2495D /* profile_noimg@2x.png in Resources */ = {isa = PBXBuildFile; fileRef = 5062B68B17C4D72F00A2495D /* profile_noimg@2x.png */; };
		5062B6D217C4D72F00A2495D /* search_background.png in Resources */ = {isa = PBXBuildFile; fileRef = 5062B68C17C4D72F00A2495D /* search_background.png */; };
		5062B6D317C4D72F00A2495D /* search_background@2x.png in Resources */ = {isa = PBXBuildFile; fileRef = 5062B68D17C4D72F00A2495D /* search_background@2x.png */; };
		5062B6D417C4D72F00A2495D /* search_bar_background.png in Resources */ = {isa = PBXBuildFile; fileRef = 5062B68E17C4D72F00A2495D /* search_bar_background.png */; };
		5062B6D517C4D72F00A2495D /* search_xbtn.png in Resources */ = {isa = PBXBuildFile; fileRef = 5062B68F17C4D72F00A2495D /* search_xbtn.png */; };
		5062B6D617C4D72F00A2495D /* search_xbtn@2x.png in Resources */ = {isa = PBXBuildFile; fileRef = 5062B69017C4D72F00A2495D /* search_xbtn@2x.png */; };
		5062B6D717C4D72F00A2495D /* seasrch_bar_background@2x.png in Resources */ = {isa = PBXBuildFile; fileRef = 5062B69117C4D72F00A2495D /* seasrch_bar_background@2x.png */; };
		5062B6D817C4D72F00A2495D /* section_background.png in Resources */ = {isa = PBXBuildFile; fileRef = 5062B69217C4D72F00A2495D /* section_background.png */; };
		5062B6D917C4D72F00A2495D /* section_background@2x.png in Resources */ = {isa = PBXBuildFile; fileRef = 5062B69317C4D72F00A2495D /* section_background@2x.png */; };
		5062B6DA17C4D72F00A2495D /* tit_bar.png in Resources */ = {isa = PBXBuildFile; fileRef = 5062B69417C4D72F00A2495D /* tit_bar.png */; };
		5062B6DB17C4D72F00A2495D /* tit_bar@2x.png in Resources */ = {isa = PBXBuildFile; fileRef = 5062B69517C4D72F00A2495D /* tit_bar@2x.png */; };
		5062B6DE17C4D72F00A2495D /* white_btn_bg2.png in Resources */ = {isa = PBXBuildFile; fileRef = 5062B69817C4D72F00A2495D /* white_btn_bg2.png */; };
		5062B6DF17C4D72F00A2495D /* white_btn_bg2@2x.png in Resources */ = {isa = PBXBuildFile; fileRef = 5062B69917C4D72F00A2495D /* white_btn_bg2@2x.png */; };
		50C4A2D317D87B86006DEC43 /* Util.m in Sources */ = {isa = PBXBuildFile; fileRef = 50C4A2D217D87B86006DEC43 /* Util.m */; };
		50C4A2D617D87BD9006DEC43 /* CoreTelephony.framework in Frameworks */ = {isa = PBXBuildFile; fileRef = 50C4A2D417D87BC1006DEC43 /* CoreTelephony.framework */; };
		BF177E7C17C9BA8300614485 /* MyInfoViewController.m in Sources */ = {isa = PBXBuildFile; fileRef = BF177E7B17C9BA8300614485 /* MyInfoViewController.m */; };
		BF177E7F17C9BA9F00614485 /* FavoriteSettingViewController.m in Sources */ = {isa = PBXBuildFile; fileRef = BF177E7E17C9BA9F00614485 /* FavoriteSettingViewController.m */; };
		BF177E8217C9BAB000614485 /* HelpViewController.m in Sources */ = {isa = PBXBuildFile; fileRef = BF177E8117C9BAB000614485 /* HelpViewController.m */; };
		BF177E8817C9BBFF00614485 /* CourseClassViewController.m in Sources */ = {isa = PBXBuildFile; fileRef = BF177E8717C9BBFF00614485 /* CourseClassViewController.m */; };
		BF177E8C17C9BC3D00614485 /* CourseTotalViewController.m in Sources */ = {isa = PBXBuildFile; fileRef = BF177E8B17C9BC3D00614485 /* CourseTotalViewController.m */; };
		BF177E8F17CA1FA000614485 /* menu_img.png in Resources */ = {isa = PBXBuildFile; fileRef = BF177E8D17CA1FA000614485 /* menu_img.png */; };
		BF177E9017CA1FA000614485 /* menu_img@2x.png in Resources */ = {isa = PBXBuildFile; fileRef = BF177E8E17CA1FA000614485 /* menu_img@2x.png */; };
		BF177E9317CA20AB00614485 /* profile_btn_my_set.png in Resources */ = {isa = PBXBuildFile; fileRef = BF177E9117CA20AB00614485 /* profile_btn_my_set.png */; };
		BF177E9417CA20AB00614485 /* profile_btn_my_set@2x.png in Resources */ = {isa = PBXBuildFile; fileRef = BF177E9217CA20AB00614485 /* profile_btn_my_set@2x.png */; };
		BF177E9717CA277C00614485 /* MenuCell.m in Sources */ = {isa = PBXBuildFile; fileRef = BF177E9617CA277C00614485 /* MenuCell.m */; };
		BF177E9E17CA6D1300614485 /* ContactCell.m in Sources */ = {isa = PBXBuildFile; fileRef = BF177E9D17CA6D1300614485 /* ContactCell.m */; };
		BF177EA117CA70AF00614485 /* DetailViewController.m in Sources */ = {isa = PBXBuildFile; fileRef = BF177EA017CA70AF00614485 /* DetailViewController.m */; };
		BF177EA317CBB1B900614485 /* nav_title_bg@2x.png in Resources */ = {isa = PBXBuildFile; fileRef = BF177EA217CBB1B900614485 /* nav_title_bg@2x.png */; };
		BF177EAB17CBBAE700614485 /* CourseClassCell.m in Sources */ = {isa = PBXBuildFile; fileRef = BF177EAA17CBBAE700614485 /* CourseClassCell.m */; };
		BF3B465617C64BDA0069AA9A /* SMNetworkClient.m in Sources */ = {isa = PBXBuildFile; fileRef = BF3B465517C64BDA0069AA9A /* SMNetworkClient.m */; };
		BF3B466E17C6691E0069AA9A /* Localizable.strings in Resources */ = {isa = PBXBuildFile; fileRef = BF3B466C17C6691E0069AA9A /* Localizable.strings */; };
		BF3B467217C67C180069AA9A /* FavoriteViewController.m in Sources */ = {isa = PBXBuildFile; fileRef = BF3B467117C67C180069AA9A /* FavoriteViewController.m */; };
		BF3B467B17C84FF50069AA9A /* input_text_border.png in Resources */ = {isa = PBXBuildFile; fileRef = BF3B467917C84FF50069AA9A /* input_text_border.png */; };
		BF3B467C17C84FF50069AA9A /* input_text_border@2x.png in Resources */ = {isa = PBXBuildFile; fileRef = BF3B467A17C84FF50069AA9A /* input_text_border@2x.png */; };
		BF3B467F17C86E680069AA9A /* LoadingView.m in Sources */ = {isa = PBXBuildFile; fileRef = BF3B467E17C86E680069AA9A /* LoadingView.m */; };
		BF3B468A17C8DE660069AA9A /* TermsViewController.m in Sources */ = {isa = PBXBuildFile; fileRef = BF3B468917C8DE660069AA9A /* TermsViewController.m */; };
		BF57B2CE17CCE28400B39C03 /* btn_back.png in Resources */ = {isa = PBXBuildFile; fileRef = BF57B2C817CCE28400B39C03 /* btn_back.png */; };
		BF57B2CF17CCE28400B39C03 /* btn_back@2x.png in Resources */ = {isa = PBXBuildFile; fileRef = BF57B2C917CCE28400B39C03 /* btn_back@2x.png */; };
		BF57B2D017CCE28400B39C03 /* btn_filter.png in Resources */ = {isa = PBXBuildFile; fileRef = BF57B2CA17CCE28400B39C03 /* btn_filter.png */; };
		BF57B2D117CCE28400B39C03 /* btn_filter@2x.png in Resources */ = {isa = PBXBuildFile; fileRef = BF57B2CB17CCE28400B39C03 /* btn_filter@2x.png */; };
		BF57B2D217CCE28400B39C03 /* btn_home.png in Resources */ = {isa = PBXBuildFile; fileRef = BF57B2CC17CCE28400B39C03 /* btn_home.png */; };
		BF57B2D317CCE28400B39C03 /* btn_home@2x.png in Resources */ = {isa = PBXBuildFile; fileRef = BF57B2CD17CCE28400B39C03 /* btn_home@2x.png */; };
		BF57B2DA17CE64E000B39C03 /* nocontents_img6@2x.png in Resources */ = {isa = PBXBuildFile; fileRef = BF57B2D917CE64E000B39C03 /* nocontents_img6@2x.png */; };
		BF57B2DD17CF824A00B39C03 /* FavoriteCell.m in Sources */ = {isa = PBXBuildFile; fileRef = BF57B2DC17CF824A00B39C03 /* FavoriteCell.m */; };
		BF57B2E017CFA40E00B39C03 /* Staff.m in Sources */ = {isa = PBXBuildFile; fileRef = BF57B2DF17CFA40E00B39C03 /* Staff.m */; };
		BF57B2E317CFA40F00B39C03 /* Student.m in Sources */ = {isa = PBXBuildFile; fileRef = BF57B2E217CFA40F00B39C03 /* Student.m */; };
		BF57B2E917CFA40F00B39C03 /* Faculty.m in Sources */ = {isa = PBXBuildFile; fileRef = BF57B2E817CFA40F00B39C03 /* Faculty.m */; };
		BF57B2EC17CFA40F00B39C03 /* Major.m in Sources */ = {isa = PBXBuildFile; fileRef = BF57B2EB17CFA40F00B39C03 /* Major.m */; };
		BF57B2F617D0C6E700B39C03 /* list_photo_on.png in Resources */ = {isa = PBXBuildFile; fileRef = BF57B2F417D0C6E700B39C03 /* list_photo_on.png */; };
		BF57B2F717D0C6E700B39C03 /* list_photo_on@2x.png in Resources */ = {isa = PBXBuildFile; fileRef = BF57B2F517D0C6E700B39C03 /* list_photo_on@2x.png */; };
		BF57B30517D1CC2D00B39C03 /* NSString+MD5.m in Sources */ = {isa = PBXBuildFile; fileRef = BF57B30217D1CC2D00B39C03 /* NSString+MD5.m */; };
		BF57B30617D1CC2D00B39C03 /* UIView+Shadow.m in Sources */ = {isa = PBXBuildFile; fileRef = BF57B30417D1CC2D00B39C03 /* UIView+Shadow.m */; };
		BF57B31017D1CC3D00B39C03 /* MMHorizontalListView.m in Sources */ = {isa = PBXBuildFile; fileRef = BF57B30A17D1CC3D00B39C03 /* MMHorizontalListView.m */; };
		BF57B31117D1CC3D00B39C03 /* MMHorizontalListViewCell.m in Sources */ = {isa = PBXBuildFile; fileRef = BF57B30C17D1CC3D00B39C03 /* MMHorizontalListViewCell.m */; };
		BF57B31217D1CC3D00B39C03 /* TSLanguageManager.m in Sources */ = {isa = PBXBuildFile; fileRef = BF57B30F17D1CC3D00B39C03 /* TSLanguageManager.m */; };
		BF57B31517D1CE3B00B39C03 /* UIViewController+LoadingProgress.m in Sources */ = {isa = PBXBuildFile; fileRef = BF57B31417D1CE3B00B39C03 /* UIViewController+LoadingProgress.m */; };
		BF57B31717D1F5FD00B39C03 /* profile_default_img.png in Resources */ = {isa = PBXBuildFile; fileRef = BF57B31617D1F5FD00B39C03 /* profile_default_img.png */; };
		BF57B31E17D20ABC00B39C03 /* Course.m in Sources */ = {isa = PBXBuildFile; fileRef = BF57B31D17D20ABC00B39C03 /* Course.m */; };
		BF57B32217D210E300B39C03 /* Readme.md in Resources */ = {isa = PBXBuildFile; fileRef = BF57B32117D210E200B39C03 /* Readme.md */; };
		BF57B32517D24DDA00B39C03 /* FavoriteToolView.m in Sources */ = {isa = PBXBuildFile; fileRef = BF57B32417D24DD900B39C03 /* FavoriteToolView.m */; };
		BF57B32817D2E6E800B39C03 /* StudentProfileViewController.m in Sources */ = {isa = PBXBuildFile; fileRef = BF57B32717D2E6E800B39C03 /* StudentProfileViewController.m */; };
		BF57B32B17D2E77400B39C03 /* StaffProfileViewController.m in Sources */ = {isa = PBXBuildFile; fileRef = BF57B32A17D2E77400B39C03 /* StaffProfileViewController.m */; };
		BF57B32E17D2ED5900B39C03 /* FacultyAddressViewController.m in Sources */ = {isa = PBXBuildFile; fileRef = BF57B32D17D2ED5900B39C03 /* FacultyAddressViewController.m */; };
		BF57B33217D2EDD700B39C03 /* FacultyMajorViewController.m in Sources */ = {isa = PBXBuildFile; fileRef = BF57B33117D2EDD700B39C03 /* FacultyMajorViewController.m */; };
		BF57B33517D2EDED00B39C03 /* StaffAddressViewController.m in Sources */ = {isa = PBXBuildFile; fileRef = BF57B33417D2EDED00B39C03 /* StaffAddressViewController.m */; };
		BF57B33917D2EE1100B39C03 /* StudentAddressViewController.m in Sources */ = {isa = PBXBuildFile; fileRef = BF57B33817D2EE1100B39C03 /* StudentAddressViewController.m */; };
		BF57B34B17D34A0300B39C03 /* MajorCell.m in Sources */ = {isa = PBXBuildFile; fileRef = BF57B34A17D34A0200B39C03 /* MajorCell.m */; };
		BF57B34E17D38BF600B39C03 /* AddressViewController.m in Sources */ = {isa = PBXBuildFile; fileRef = BF57B34D17D38BF500B39C03 /* AddressViewController.m */; };
		BF57B35417D38E8200B39C03 /* AddressCell.m in Sources */ = {isa = PBXBuildFile; fileRef = BF57B35317D38E8200B39C03 /* AddressCell.m */; };
		BF57B35717D38EC700B39C03 /* StudentAddressCell.m in Sources */ = {isa = PBXBuildFile; fileRef = BF57B35617D38EC600B39C03 /* StudentAddressCell.m */; };
		BF57B38B17D78C2000B39C03 /* StudentDetailViewController.m in Sources */ = {isa = PBXBuildFile; fileRef = BF57B38A17D78C2000B39C03 /* StudentDetailViewController.m */; };
		BF57B38E17D7928400B39C03 /* StudentDetailToolView.m in Sources */ = {isa = PBXBuildFile; fileRef = BF57B38D17D7928300B39C03 /* StudentDetailToolView.m */; };
		BF57B39117D7996500B39C03 /* StudentToolView.m in Sources */ = {isa = PBXBuildFile; fileRef = BF57B39017D7996400B39C03 /* StudentToolView.m */; };
		BF57B39517D79CD400B39C03 /* SmsViewController.m in Sources */ = {isa = PBXBuildFile; fileRef = BF57B39417D79CD400B39C03 /* SmsViewController.m */; };
		BF57B39817D79D0D00B39C03 /* ToolViewController.m in Sources */ = {isa = PBXBuildFile; fileRef = BF57B39717D79D0D00B39C03 /* ToolViewController.m */; };
		BF57B39B17D8B90200B39C03 /* NSDate+Helper.m in Sources */ = {isa = PBXBuildFile; fileRef = BF57B39A17D8B90200B39C03 /* NSDate+Helper.m */; };
		BF57B39E17D8F72B00B39C03 /* serviceTerms.html in Resources */ = {isa = PBXBuildFile; fileRef = BF57B39C17D8F72B00B39C03 /* serviceTerms.html */; };
		BF57B39F17D8F72B00B39C03 /* personTerms.html in Resources */ = {isa = PBXBuildFile; fileRef = BF57B39D17D8F72B00B39C03 /* personTerms.html */; };
		C473C86C32064D5EBC3D25E5 /* libPods.a in Frameworks */ = {isa = PBXBuildFile; fileRef = 9B3EE368BB1647438F672678 /* libPods.a */; };
/* End PBXBuildFile section */

/* Begin PBXFileReference section */
		5052623317C72ACC004C4724 /* http_sample_data */ = {isa = PBXFileReference; fileEncoding = 4; lastKnownFileType = text; path = http_sample_data; sourceTree = "<group>"; };
		5062B61517C4C10400A2495D /* SMAddressBook.app */ = {isa = PBXFileReference; explicitFileType = wrapper.application; includeInIndex = 0; path = SMAddressBook.app; sourceTree = BUILT_PRODUCTS_DIR; };
		5062B61817C4C10400A2495D /* UIKit.framework */ = {isa = PBXFileReference; lastKnownFileType = wrapper.framework; name = UIKit.framework; path = System/Library/Frameworks/UIKit.framework; sourceTree = SDKROOT; };
		5062B61A17C4C10400A2495D /* Foundation.framework */ = {isa = PBXFileReference; lastKnownFileType = wrapper.framework; name = Foundation.framework; path = System/Library/Frameworks/Foundation.framework; sourceTree = SDKROOT; };
		5062B61C17C4C10400A2495D /* CoreGraphics.framework */ = {isa = PBXFileReference; lastKnownFileType = wrapper.framework; name = CoreGraphics.framework; path = System/Library/Frameworks/CoreGraphics.framework; sourceTree = SDKROOT; };
		5062B61E17C4C10400A2495D /* CoreData.framework */ = {isa = PBXFileReference; lastKnownFileType = wrapper.framework; name = CoreData.framework; path = System/Library/Frameworks/CoreData.framework; sourceTree = SDKROOT; };
		5062B62217C4C10400A2495D /* SMAddressBook-Info.plist */ = {isa = PBXFileReference; lastKnownFileType = text.plist.xml; path = "SMAddressBook-Info.plist"; sourceTree = "<group>"; };
		5062B62417C4C10400A2495D /* en */ = {isa = PBXFileReference; lastKnownFileType = text.plist.strings; name = en; path = en.lproj/InfoPlist.strings; sourceTree = "<group>"; };
		5062B62617C4C10400A2495D /* main.m */ = {isa = PBXFileReference; lastKnownFileType = sourcecode.c.objc; path = main.m; sourceTree = "<group>"; };
		5062B62817C4C10400A2495D /* SMAddressBook-Prefix.pch */ = {isa = PBXFileReference; lastKnownFileType = sourcecode.c.h; path = "SMAddressBook-Prefix.pch"; sourceTree = "<group>"; };
		5062B62917C4C10400A2495D /* AppDelegate.h */ = {isa = PBXFileReference; lastKnownFileType = sourcecode.c.h; path = AppDelegate.h; sourceTree = "<group>"; };
		5062B62A17C4C10400A2495D /* AppDelegate.m */ = {isa = PBXFileReference; lastKnownFileType = sourcecode.c.objc; path = AppDelegate.m; sourceTree = "<group>"; };
		5062B62C17C4C10400A2495D /* Default.png */ = {isa = PBXFileReference; lastKnownFileType = image.png; path = Default.png; sourceTree = "<group>"; };
		5062B62E17C4C10400A2495D /* Default@2x.png */ = {isa = PBXFileReference; lastKnownFileType = image.png; path = "Default@2x.png"; sourceTree = "<group>"; };
		5062B63017C4C10400A2495D /* Default-568h@2x.png */ = {isa = PBXFileReference; lastKnownFileType = image.png; path = "Default-568h@2x.png"; sourceTree = "<group>"; };
		5062B63317C4C10400A2495D /* SMAddressBook.xcdatamodel */ = {isa = PBXFileReference; lastKnownFileType = wrapper.xcdatamodel; path = SMAddressBook.xcdatamodel; sourceTree = "<group>"; };
		5062B63A17C4C12800A2495D /* Podfile */ = {isa = PBXFileReference; fileEncoding = 4; lastKnownFileType = text; path = Podfile; sourceTree = "<group>"; xcLanguageSpecificationIdentifier = xcode.lang.ruby; };
		5062B64117C4CC0400A2495D /* MenuTableViewController.h */ = {isa = PBXFileReference; fileEncoding = 4; lastKnownFileType = sourcecode.c.h; path = MenuTableViewController.h; sourceTree = "<group>"; };
		5062B64217C4CC0400A2495D /* MenuTableViewController.m */ = {isa = PBXFileReference; fileEncoding = 4; lastKnownFileType = sourcecode.c.objc; path = MenuTableViewController.m; sourceTree = "<group>"; };
		5062B64417C4CC2600A2495D /* BaseViewController.h */ = {isa = PBXFileReference; fileEncoding = 4; lastKnownFileType = sourcecode.c.h; path = BaseViewController.h; sourceTree = "<group>"; };
		5062B64517C4CC2600A2495D /* BaseViewController.m */ = {isa = PBXFileReference; fileEncoding = 4; lastKnownFileType = sourcecode.c.objc; path = BaseViewController.m; sourceTree = "<group>"; };
		5062B64817C4CCEE00A2495D /* PortraitNavigationController.h */ = {isa = PBXFileReference; fileEncoding = 4; lastKnownFileType = sourcecode.c.h; path = PortraitNavigationController.h; sourceTree = "<group>"; };
		5062B64917C4CCEE00A2495D /* PortraitNavigationController.m */ = {isa = PBXFileReference; fileEncoding = 4; lastKnownFileType = sourcecode.c.objc; path = PortraitNavigationController.m; sourceTree = "<group>"; };
		5062B64C17C4CDDC00A2495D /* UserContext.h */ = {isa = PBXFileReference; fileEncoding = 4; lastKnownFileType = sourcecode.c.h; path = UserContext.h; sourceTree = "<group>"; };
		5062B64D17C4CDDC00A2495D /* UserContext.m */ = {isa = PBXFileReference; fileEncoding = 4; lastKnownFileType = sourcecode.c.objc; path = UserContext.m; sourceTree = "<group>"; };
		5062B64F17C4D24700A2495D /* LoginViewController.h */ = {isa = PBXFileReference; fileEncoding = 4; lastKnownFileType = sourcecode.c.h; path = LoginViewController.h; sourceTree = "<group>"; };
		5062B65017C4D24700A2495D /* LoginViewController.m */ = {isa = PBXFileReference; fileEncoding = 4; lastKnownFileType = sourcecode.c.objc; path = LoginViewController.m; sourceTree = "<group>"; };
		5062B65417C4D72F00A2495D /* 007-StockPhoto-320x568@2x.png */ = {isa = PBXFileReference; lastKnownFileType = image.png; path = "007-StockPhoto-320x568@2x.png"; sourceTree = "<group>"; };
		5062B65517C4D72F00A2495D /* back-arrow.png */ = {isa = PBXFileReference; lastKnownFileType = image.png; path = "back-arrow.png"; sourceTree = "<group>"; };
		5062B65617C4D72F00A2495D /* back-arrow@2x.png */ = {isa = PBXFileReference; lastKnownFileType = image.png; path = "back-arrow@2x.png"; sourceTree = "<group>"; };
		5062B65717C4D72F00A2495D /* btn_like_more.png */ = {isa = PBXFileReference; lastKnownFileType = image.png; path = btn_like_more.png; sourceTree = "<group>"; };
		5062B65817C4D72F00A2495D /* btn_like_more@2x.png */ = {isa = PBXFileReference; lastKnownFileType = image.png; path = "btn_like_more@2x.png"; sourceTree = "<group>"; };
		5062B65917C4D72F00A2495D /* btn_menu.png */ = {isa = PBXFileReference; lastKnownFileType = image.png; path = btn_menu.png; sourceTree = "<group>"; };
		5062B65A17C4D72F00A2495D /* btn_menu@2x.png */ = {isa = PBXFileReference; lastKnownFileType = image.png; path = "btn_menu@2x.png"; sourceTree = "<group>"; };
		5062B65B17C4D72F00A2495D /* cell_background.png */ = {isa = PBXFileReference; lastKnownFileType = image.png; path = cell_background.png; sourceTree = "<group>"; };
		5062B65C17C4D72F00A2495D /* cell_background@2x.png */ = {isa = PBXFileReference; lastKnownFileType = image.png; path = "cell_background@2x.png"; sourceTree = "<group>"; };
		5062B65D17C4D72F00A2495D /* cell_selected_background.png */ = {isa = PBXFileReference; lastKnownFileType = image.png; path = cell_selected_background.png; sourceTree = "<group>"; };
		5062B65E17C4D72F00A2495D /* cell_selected_background@2x.png */ = {isa = PBXFileReference; lastKnownFileType = image.png; path = "cell_selected_background@2x.png"; sourceTree = "<group>"; };
		5062B65F17C4D72F00A2495D /* check_off.png */ = {isa = PBXFileReference; lastKnownFileType = image.png; path = check_off.png; sourceTree = "<group>"; };
		5062B66017C4D72F00A2495D /* check_off@2x.png */ = {isa = PBXFileReference; lastKnownFileType = image.png; path = "check_off@2x.png"; sourceTree = "<group>"; };
		5062B66117C4D72F00A2495D /* check_on.png */ = {isa = PBXFileReference; lastKnownFileType = image.png; path = check_on.png; sourceTree = "<group>"; };
		5062B66217C4D72F00A2495D /* check_on@2x.png */ = {isa = PBXFileReference; lastKnownFileType = image.png; path = "check_on@2x.png"; sourceTree = "<group>"; };
		5062B66317C4D72F00A2495D /* common_doum_icon_off.png */ = {isa = PBXFileReference; lastKnownFileType = image.png; path = common_doum_icon_off.png; sourceTree = "<group>"; };
		5062B66417C4D72F00A2495D /* common_doum_icon_off@2x.png */ = {isa = PBXFileReference; lastKnownFileType = image.png; path = "common_doum_icon_off@2x.png"; sourceTree = "<group>"; };
		5062B66517C4D72F00A2495D /* common_doum_icon_on.png */ = {isa = PBXFileReference; lastKnownFileType = image.png; path = common_doum_icon_on.png; sourceTree = "<group>"; };
		5062B66617C4D72F00A2495D /* common_doum_icon_on@2x.png */ = {isa = PBXFileReference; lastKnownFileType = image.png; path = "common_doum_icon_on@2x.png"; sourceTree = "<group>"; };
		5062B66717C4D72F00A2495D /* common_input_search_icon.png */ = {isa = PBXFileReference; lastKnownFileType = image.png; path = common_input_search_icon.png; sourceTree = "<group>"; };
		5062B66817C4D72F00A2495D /* common_input_search_icon@2x.png */ = {isa = PBXFileReference; lastKnownFileType = image.png; path = "common_input_search_icon@2x.png"; sourceTree = "<group>"; };
		5062B66917C4D72F00A2495D /* help_icon@2x.png */ = {isa = PBXFileReference; lastKnownFileType = image.png; path = "help_icon@2x.png"; sourceTree = "<group>"; };
		5062B66A17C4D72F00A2495D /* icon_send_.png */ = {isa = PBXFileReference; lastKnownFileType = image.png; path = icon_send_.png; sourceTree = "<group>"; };
		5062B66B17C4D72F00A2495D /* icon_send_@2x.png */ = {isa = PBXFileReference; lastKnownFileType = image.png; path = "icon_send_@2x.png"; sourceTree = "<group>"; };
		5062B66C17C4D72F00A2495D /* icon_suggest.png */ = {isa = PBXFileReference; lastKnownFileType = image.png; path = icon_suggest.png; sourceTree = "<group>"; };
		5062B66D17C4D72F00A2495D /* icon_suggest@2x.png */ = {isa = PBXFileReference; lastKnownFileType = image.png; path = "icon_suggest@2x.png"; sourceTree = "<group>"; };
		5062B66E17C4D72F00A2495D /* left_cell_background.png */ = {isa = PBXFileReference; lastKnownFileType = image.png; path = left_cell_background.png; sourceTree = "<group>"; };
		5062B66F17C4D72F00A2495D /* left_cell_background@2x.png */ = {isa = PBXFileReference; lastKnownFileType = image.png; path = "left_cell_background@2x.png"; sourceTree = "<group>"; };
		5062B67017C4D72F00A2495D /* left_cell_selected_background.png */ = {isa = PBXFileReference; lastKnownFileType = image.png; path = left_cell_selected_background.png; sourceTree = "<group>"; };
		5062B67117C4D72F00A2495D /* left_cell_selected_background@2x.png */ = {isa = PBXFileReference; lastKnownFileType = image.png; path = "left_cell_selected_background@2x.png"; sourceTree = "<group>"; };
		5062B67217C4D72F00A2495D /* left_section_background.png */ = {isa = PBXFileReference; lastKnownFileType = image.png; path = left_section_background.png; sourceTree = "<group>"; };
		5062B67317C4D72F00A2495D /* left_section_background@2x.png */ = {isa = PBXFileReference; lastKnownFileType = image.png; path = "left_section_background@2x.png"; sourceTree = "<group>"; };
		5062B67617C4D72F00A2495D /* music_layer_stop.png */ = {isa = PBXFileReference; lastKnownFileType = image.png; path = music_layer_stop.png; sourceTree = "<group>"; };
		5062B67717C4D72F00A2495D /* music_layer_stop@2x.png */ = {isa = PBXFileReference; lastKnownFileType = image.png; path = "music_layer_stop@2x.png"; sourceTree = "<group>"; };
		5062B67817C4D72F00A2495D /* placeholder.png */ = {isa = PBXFileReference; lastKnownFileType = image.png; path = placeholder.png; sourceTree = "<group>"; };
		5062B67917C4D72F00A2495D /* placeholder@2x.png */ = {isa = PBXFileReference; lastKnownFileType = image.png; path = "placeholder@2x.png"; sourceTree = "<group>"; };
		5062B67A17C4D72F00A2495D /* poi_icon_owner.png */ = {isa = PBXFileReference; lastKnownFileType = image.png; path = poi_icon_owner.png; sourceTree = "<group>"; };
		5062B67B17C4D72F00A2495D /* poi_icon_owner@2x.png */ = {isa = PBXFileReference; lastKnownFileType = image.png; path = "poi_icon_owner@2x.png"; sourceTree = "<group>"; };
		5062B67C17C4D72F00A2495D /* photo_thumb.png */ = {isa = PBXFileReference; lastKnownFileType = image.png; path = photo_thumb.png; sourceTree = "<group>"; };
		5062B67D17C4D72F00A2495D /* photo_thumb@2x.png */ = {isa = PBXFileReference; lastKnownFileType = image.png; path = "photo_thumb@2x.png"; sourceTree = "<group>"; };
		5062B67E17C4D72F00A2495D /* profile_iconbtn_1.png */ = {isa = PBXFileReference; lastKnownFileType = image.png; path = profile_iconbtn_1.png; sourceTree = "<group>"; };
		5062B67F17C4D72F00A2495D /* profile_iconbtn_1@2x.png */ = {isa = PBXFileReference; lastKnownFileType = image.png; path = "profile_iconbtn_1@2x.png"; sourceTree = "<group>"; };
		5062B68017C4D72F00A2495D /* profile_iconbtn_3.png */ = {isa = PBXFileReference; lastKnownFileType = image.png; path = profile_iconbtn_3.png; sourceTree = "<group>"; };
		5062B68117C4D72F00A2495D /* profile_iconbtn_3@2x.png */ = {isa = PBXFileReference; lastKnownFileType = image.png; path = "profile_iconbtn_3@2x.png"; sourceTree = "<group>"; };
		5062B68217C4D72F00A2495D /* profile_iconbtn_4.png */ = {isa = PBXFileReference; lastKnownFileType = image.png; path = profile_iconbtn_4.png; sourceTree = "<group>"; };
		5062B68317C4D72F00A2495D /* profile_iconbtn_4@2x.png */ = {isa = PBXFileReference; lastKnownFileType = image.png; path = "profile_iconbtn_4@2x.png"; sourceTree = "<group>"; };
		5062B68417C4D72F00A2495D /* profile_iconbtn_5.png */ = {isa = PBXFileReference; lastKnownFileType = image.png; path = profile_iconbtn_5.png; sourceTree = "<group>"; };
		5062B68517C4D72F00A2495D /* profile_iconbtn_5@2x.png */ = {isa = PBXFileReference; lastKnownFileType = image.png; path = "profile_iconbtn_5@2x.png"; sourceTree = "<group>"; };
		5062B68617C4D72F00A2495D /* profile_iconbtn_6.png */ = {isa = PBXFileReference; lastKnownFileType = image.png; path = profile_iconbtn_6.png; sourceTree = "<group>"; };
		5062B68717C4D72F00A2495D /* profile_iconbtn_6@2x.png */ = {isa = PBXFileReference; lastKnownFileType = image.png; path = "profile_iconbtn_6@2x.png"; sourceTree = "<group>"; };
		5062B68817C4D72F00A2495D /* profile_iconbtn_9.png */ = {isa = PBXFileReference; lastKnownFileType = image.png; path = profile_iconbtn_9.png; sourceTree = "<group>"; };
		5062B68917C4D72F00A2495D /* profile_iconbtn_9@2x.png */ = {isa = PBXFileReference; lastKnownFileType = image.png; path = "profile_iconbtn_9@2x.png"; sourceTree = "<group>"; };
		5062B68A17C4D72F00A2495D /* profile_noimg.png */ = {isa = PBXFileReference; lastKnownFileType = image.png; path = profile_noimg.png; sourceTree = "<group>"; };
		5062B68B17C4D72F00A2495D /* profile_noimg@2x.png */ = {isa = PBXFileReference; lastKnownFileType = image.png; path = "profile_noimg@2x.png"; sourceTree = "<group>"; };
		5062B68C17C4D72F00A2495D /* search_background.png */ = {isa = PBXFileReference; lastKnownFileType = image.png; path = search_background.png; sourceTree = "<group>"; };
		5062B68D17C4D72F00A2495D /* search_background@2x.png */ = {isa = PBXFileReference; lastKnownFileType = image.png; path = "search_background@2x.png"; sourceTree = "<group>"; };
		5062B68E17C4D72F00A2495D /* search_bar_background.png */ = {isa = PBXFileReference; lastKnownFileType = image.png; path = search_bar_background.png; sourceTree = "<group>"; };
		5062B68F17C4D72F00A2495D /* search_xbtn.png */ = {isa = PBXFileReference; lastKnownFileType = image.png; path = search_xbtn.png; sourceTree = "<group>"; };
		5062B69017C4D72F00A2495D /* search_xbtn@2x.png */ = {isa = PBXFileReference; lastKnownFileType = image.png; path = "search_xbtn@2x.png"; sourceTree = "<group>"; };
		5062B69117C4D72F00A2495D /* seasrch_bar_background@2x.png */ = {isa = PBXFileReference; lastKnownFileType = image.png; path = "seasrch_bar_background@2x.png"; sourceTree = "<group>"; };
		5062B69217C4D72F00A2495D /* section_background.png */ = {isa = PBXFileReference; lastKnownFileType = image.png; path = section_background.png; sourceTree = "<group>"; };
		5062B69317C4D72F00A2495D /* section_background@2x.png */ = {isa = PBXFileReference; lastKnownFileType = image.png; path = "section_background@2x.png"; sourceTree = "<group>"; };
		5062B69417C4D72F00A2495D /* tit_bar.png */ = {isa = PBXFileReference; lastKnownFileType = image.png; path = tit_bar.png; sourceTree = "<group>"; };
		5062B69517C4D72F00A2495D /* tit_bar@2x.png */ = {isa = PBXFileReference; lastKnownFileType = image.png; path = "tit_bar@2x.png"; sourceTree = "<group>"; };
		5062B69817C4D72F00A2495D /* white_btn_bg2.png */ = {isa = PBXFileReference; lastKnownFileType = image.png; path = white_btn_bg2.png; sourceTree = "<group>"; };
		5062B69917C4D72F00A2495D /* white_btn_bg2@2x.png */ = {isa = PBXFileReference; lastKnownFileType = image.png; path = "white_btn_bg2@2x.png"; sourceTree = "<group>"; };
		50C4A2D117D87B86006DEC43 /* Util.h */ = {isa = PBXFileReference; fileEncoding = 4; lastKnownFileType = sourcecode.c.h; path = Util.h; sourceTree = "<group>"; };
		50C4A2D217D87B86006DEC43 /* Util.m */ = {isa = PBXFileReference; fileEncoding = 4; lastKnownFileType = sourcecode.c.objc; path = Util.m; sourceTree = "<group>"; };
		50C4A2D417D87BC1006DEC43 /* CoreTelephony.framework */ = {isa = PBXFileReference; lastKnownFileType = wrapper.framework; name = CoreTelephony.framework; path = System/Library/Frameworks/CoreTelephony.framework; sourceTree = SDKROOT; };
		9B3EE368BB1647438F672678 /* libPods.a */ = {isa = PBXFileReference; explicitFileType = archive.ar; includeInIndex = 0; path = libPods.a; sourceTree = BUILT_PRODUCTS_DIR; };
		A5FD54E7A9D24C3F9CB8849F /* Pods/Pods.xcconfig */ = {isa = PBXFileReference; includeInIndex = 1; lastKnownFileType = text.xcconfig; path = Pods/Pods.xcconfig; sourceTree = SOURCE_ROOT; };
		BF177E7A17C9BA8300614485 /* MyInfoViewController.h */ = {isa = PBXFileReference; fileEncoding = 4; lastKnownFileType = sourcecode.c.h; path = MyInfoViewController.h; sourceTree = "<group>"; };
		BF177E7B17C9BA8300614485 /* MyInfoViewController.m */ = {isa = PBXFileReference; fileEncoding = 4; lastKnownFileType = sourcecode.c.objc; path = MyInfoViewController.m; sourceTree = "<group>"; };
		BF177E7D17C9BA9F00614485 /* FavoriteSettingViewController.h */ = {isa = PBXFileReference; fileEncoding = 4; lastKnownFileType = sourcecode.c.h; path = FavoriteSettingViewController.h; sourceTree = "<group>"; };
		BF177E7E17C9BA9F00614485 /* FavoriteSettingViewController.m */ = {isa = PBXFileReference; fileEncoding = 4; lastKnownFileType = sourcecode.c.objc; path = FavoriteSettingViewController.m; sourceTree = "<group>"; };
		BF177E8017C9BAB000614485 /* HelpViewController.h */ = {isa = PBXFileReference; fileEncoding = 4; lastKnownFileType = sourcecode.c.h; path = HelpViewController.h; sourceTree = "<group>"; };
		BF177E8117C9BAB000614485 /* HelpViewController.m */ = {isa = PBXFileReference; fileEncoding = 4; lastKnownFileType = sourcecode.c.objc; path = HelpViewController.m; sourceTree = "<group>"; };
		BF177E8617C9BBFF00614485 /* CourseClassViewController.h */ = {isa = PBXFileReference; fileEncoding = 4; lastKnownFileType = sourcecode.c.h; path = CourseClassViewController.h; sourceTree = "<group>"; };
		BF177E8717C9BBFF00614485 /* CourseClassViewController.m */ = {isa = PBXFileReference; fileEncoding = 4; lastKnownFileType = sourcecode.c.objc; path = CourseClassViewController.m; sourceTree = "<group>"; };
		BF177E8A17C9BC3D00614485 /* CourseTotalViewController.h */ = {isa = PBXFileReference; fileEncoding = 4; lastKnownFileType = sourcecode.c.h; path = CourseTotalViewController.h; sourceTree = "<group>"; };
		BF177E8B17C9BC3D00614485 /* CourseTotalViewController.m */ = {isa = PBXFileReference; fileEncoding = 4; lastKnownFileType = sourcecode.c.objc; path = CourseTotalViewController.m; sourceTree = "<group>"; };
		BF177E8D17CA1FA000614485 /* menu_img.png */ = {isa = PBXFileReference; lastKnownFileType = image.png; path = menu_img.png; sourceTree = "<group>"; };
		BF177E8E17CA1FA000614485 /* menu_img@2x.png */ = {isa = PBXFileReference; lastKnownFileType = image.png; path = "menu_img@2x.png"; sourceTree = "<group>"; };
		BF177E9117CA20AB00614485 /* profile_btn_my_set.png */ = {isa = PBXFileReference; lastKnownFileType = image.png; path = profile_btn_my_set.png; sourceTree = "<group>"; };
		BF177E9217CA20AB00614485 /* profile_btn_my_set@2x.png */ = {isa = PBXFileReference; lastKnownFileType = image.png; path = "profile_btn_my_set@2x.png"; sourceTree = "<group>"; };
		BF177E9517CA277C00614485 /* MenuCell.h */ = {isa = PBXFileReference; fileEncoding = 4; lastKnownFileType = sourcecode.c.h; path = MenuCell.h; sourceTree = "<group>"; };
		BF177E9617CA277C00614485 /* MenuCell.m */ = {isa = PBXFileReference; fileEncoding = 4; lastKnownFileType = sourcecode.c.objc; path = MenuCell.m; sourceTree = "<group>"; };
		BF177E9C17CA6D1300614485 /* ContactCell.h */ = {isa = PBXFileReference; fileEncoding = 4; lastKnownFileType = sourcecode.c.h; path = ContactCell.h; sourceTree = "<group>"; };
		BF177E9D17CA6D1300614485 /* ContactCell.m */ = {isa = PBXFileReference; fileEncoding = 4; lastKnownFileType = sourcecode.c.objc; path = ContactCell.m; sourceTree = "<group>"; };
		BF177E9F17CA70AF00614485 /* DetailViewController.h */ = {isa = PBXFileReference; fileEncoding = 4; lastKnownFileType = sourcecode.c.h; path = DetailViewController.h; sourceTree = "<group>"; };
		BF177EA017CA70AF00614485 /* DetailViewController.m */ = {isa = PBXFileReference; fileEncoding = 4; lastKnownFileType = sourcecode.c.objc; path = DetailViewController.m; sourceTree = "<group>"; };
		BF177EA217CBB1B900614485 /* nav_title_bg@2x.png */ = {isa = PBXFileReference; lastKnownFileType = image.png; path = "nav_title_bg@2x.png"; sourceTree = "<group>"; };
		BF177EA917CBBAE700614485 /* CourseClassCell.h */ = {isa = PBXFileReference; fileEncoding = 4; lastKnownFileType = sourcecode.c.h; path = CourseClassCell.h; sourceTree = "<group>"; };
		BF177EAA17CBBAE700614485 /* CourseClassCell.m */ = {isa = PBXFileReference; fileEncoding = 4; lastKnownFileType = sourcecode.c.objc; path = CourseClassCell.m; sourceTree = "<group>"; };
		BF3B465417C64BDA0069AA9A /* SMNetworkClient.h */ = {isa = PBXFileReference; fileEncoding = 4; lastKnownFileType = sourcecode.c.h; path = SMNetworkClient.h; sourceTree = "<group>"; };
		BF3B465517C64BDA0069AA9A /* SMNetworkClient.m */ = {isa = PBXFileReference; fileEncoding = 4; lastKnownFileType = sourcecode.c.objc; path = SMNetworkClient.m; sourceTree = "<group>"; };
		BF3B466B17C6664F0069AA9A /* ko */ = {isa = PBXFileReference; lastKnownFileType = text.plist.strings; name = ko; path = ko.lproj/InfoPlist.strings; sourceTree = "<group>"; };
		BF3B466D17C6691E0069AA9A /* ko */ = {isa = PBXFileReference; lastKnownFileType = text.plist.strings; name = ko; path = ko.lproj/Localizable.strings; sourceTree = "<group>"; };
		BF3B466F17C6692B0069AA9A /* en */ = {isa = PBXFileReference; lastKnownFileType = text.plist.strings; name = en; path = en.lproj/Localizable.strings; sourceTree = "<group>"; };
		BF3B467017C67C180069AA9A /* FavoriteViewController.h */ = {isa = PBXFileReference; fileEncoding = 4; lastKnownFileType = sourcecode.c.h; path = FavoriteViewController.h; sourceTree = "<group>"; };
		BF3B467117C67C180069AA9A /* FavoriteViewController.m */ = {isa = PBXFileReference; fileEncoding = 4; lastKnownFileType = sourcecode.c.objc; path = FavoriteViewController.m; sourceTree = "<group>"; };
		BF3B467917C84FF50069AA9A /* input_text_border.png */ = {isa = PBXFileReference; lastKnownFileType = image.png; path = input_text_border.png; sourceTree = "<group>"; };
		BF3B467A17C84FF50069AA9A /* input_text_border@2x.png */ = {isa = PBXFileReference; lastKnownFileType = image.png; path = "input_text_border@2x.png"; sourceTree = "<group>"; };
		BF3B467D17C86E680069AA9A /* LoadingView.h */ = {isa = PBXFileReference; fileEncoding = 4; lastKnownFileType = sourcecode.c.h; path = LoadingView.h; sourceTree = "<group>"; };
		BF3B467E17C86E680069AA9A /* LoadingView.m */ = {isa = PBXFileReference; fileEncoding = 4; lastKnownFileType = sourcecode.c.objc; path = LoadingView.m; sourceTree = "<group>"; };
		BF3B468817C8DE660069AA9A /* TermsViewController.h */ = {isa = PBXFileReference; fileEncoding = 4; lastKnownFileType = sourcecode.c.h; path = TermsViewController.h; sourceTree = "<group>"; };
		BF3B468917C8DE660069AA9A /* TermsViewController.m */ = {isa = PBXFileReference; fileEncoding = 4; lastKnownFileType = sourcecode.c.objc; path = TermsViewController.m; sourceTree = "<group>"; };
		BF57B2C817CCE28400B39C03 /* btn_back.png */ = {isa = PBXFileReference; lastKnownFileType = image.png; path = btn_back.png; sourceTree = "<group>"; };
		BF57B2C917CCE28400B39C03 /* btn_back@2x.png */ = {isa = PBXFileReference; lastKnownFileType = image.png; path = "btn_back@2x.png"; sourceTree = "<group>"; };
		BF57B2CA17CCE28400B39C03 /* btn_filter.png */ = {isa = PBXFileReference; lastKnownFileType = image.png; path = btn_filter.png; sourceTree = "<group>"; };
		BF57B2CB17CCE28400B39C03 /* btn_filter@2x.png */ = {isa = PBXFileReference; lastKnownFileType = image.png; path = "btn_filter@2x.png"; sourceTree = "<group>"; };
		BF57B2CC17CCE28400B39C03 /* btn_home.png */ = {isa = PBXFileReference; lastKnownFileType = image.png; path = btn_home.png; sourceTree = "<group>"; };
		BF57B2CD17CCE28400B39C03 /* btn_home@2x.png */ = {isa = PBXFileReference; lastKnownFileType = image.png; path = "btn_home@2x.png"; sourceTree = "<group>"; };
		BF57B2D917CE64E000B39C03 /* nocontents_img6@2x.png */ = {isa = PBXFileReference; lastKnownFileType = image.png; path = "nocontents_img6@2x.png"; sourceTree = "<group>"; };
		BF57B2DB17CF824A00B39C03 /* FavoriteCell.h */ = {isa = PBXFileReference; fileEncoding = 4; lastKnownFileType = sourcecode.c.h; path = FavoriteCell.h; sourceTree = "<group>"; };
		BF57B2DC17CF824A00B39C03 /* FavoriteCell.m */ = {isa = PBXFileReference; fileEncoding = 4; lastKnownFileType = sourcecode.c.objc; path = FavoriteCell.m; sourceTree = "<group>"; };
		BF57B2DE17CFA40E00B39C03 /* Staff.h */ = {isa = PBXFileReference; fileEncoding = 4; lastKnownFileType = sourcecode.c.h; path = Staff.h; sourceTree = "<group>"; };
		BF57B2DF17CFA40E00B39C03 /* Staff.m */ = {isa = PBXFileReference; fileEncoding = 4; lastKnownFileType = sourcecode.c.objc; path = Staff.m; sourceTree = "<group>"; };
		BF57B2E117CFA40F00B39C03 /* Student.h */ = {isa = PBXFileReference; fileEncoding = 4; lastKnownFileType = sourcecode.c.h; path = Student.h; sourceTree = "<group>"; };
		BF57B2E217CFA40F00B39C03 /* Student.m */ = {isa = PBXFileReference; fileEncoding = 4; lastKnownFileType = sourcecode.c.objc; path = Student.m; sourceTree = "<group>"; };
		BF57B2E717CFA40F00B39C03 /* Faculty.h */ = {isa = PBXFileReference; fileEncoding = 4; lastKnownFileType = sourcecode.c.h; path = Faculty.h; sourceTree = "<group>"; };
		BF57B2E817CFA40F00B39C03 /* Faculty.m */ = {isa = PBXFileReference; fileEncoding = 4; lastKnownFileType = sourcecode.c.objc; path = Faculty.m; sourceTree = "<group>"; };
		BF57B2EA17CFA40F00B39C03 /* Major.h */ = {isa = PBXFileReference; fileEncoding = 4; lastKnownFileType = sourcecode.c.h; path = Major.h; sourceTree = "<group>"; };
		BF57B2EB17CFA40F00B39C03 /* Major.m */ = {isa = PBXFileReference; fileEncoding = 4; lastKnownFileType = sourcecode.c.objc; path = Major.m; sourceTree = "<group>"; };
		BF57B2F417D0C6E700B39C03 /* list_photo_on.png */ = {isa = PBXFileReference; lastKnownFileType = image.png; path = list_photo_on.png; sourceTree = "<group>"; };
		BF57B2F517D0C6E700B39C03 /* list_photo_on@2x.png */ = {isa = PBXFileReference; lastKnownFileType = image.png; path = "list_photo_on@2x.png"; sourceTree = "<group>"; };
		BF57B30117D1CC2D00B39C03 /* NSString+MD5.h */ = {isa = PBXFileReference; fileEncoding = 4; lastKnownFileType = sourcecode.c.h; path = "NSString+MD5.h"; sourceTree = "<group>"; };
		BF57B30217D1CC2D00B39C03 /* NSString+MD5.m */ = {isa = PBXFileReference; fileEncoding = 4; lastKnownFileType = sourcecode.c.objc; path = "NSString+MD5.m"; sourceTree = "<group>"; };
		BF57B30317D1CC2D00B39C03 /* UIView+Shadow.h */ = {isa = PBXFileReference; fileEncoding = 4; lastKnownFileType = sourcecode.c.h; path = "UIView+Shadow.h"; sourceTree = "<group>"; };
		BF57B30417D1CC2D00B39C03 /* UIView+Shadow.m */ = {isa = PBXFileReference; fileEncoding = 4; lastKnownFileType = sourcecode.c.objc; path = "UIView+Shadow.m"; sourceTree = "<group>"; };
		BF57B30917D1CC3D00B39C03 /* MMHorizontalListView.h */ = {isa = PBXFileReference; fileEncoding = 4; lastKnownFileType = sourcecode.c.h; path = MMHorizontalListView.h; sourceTree = "<group>"; };
		BF57B30A17D1CC3D00B39C03 /* MMHorizontalListView.m */ = {isa = PBXFileReference; fileEncoding = 4; lastKnownFileType = sourcecode.c.objc; path = MMHorizontalListView.m; sourceTree = "<group>"; };
		BF57B30B17D1CC3D00B39C03 /* MMHorizontalListViewCell.h */ = {isa = PBXFileReference; fileEncoding = 4; lastKnownFileType = sourcecode.c.h; path = MMHorizontalListViewCell.h; sourceTree = "<group>"; };
		BF57B30C17D1CC3D00B39C03 /* MMHorizontalListViewCell.m */ = {isa = PBXFileReference; fileEncoding = 4; lastKnownFileType = sourcecode.c.objc; path = MMHorizontalListViewCell.m; sourceTree = "<group>"; };
		BF57B30E17D1CC3D00B39C03 /* TSLanguageManager.h */ = {isa = PBXFileReference; fileEncoding = 4; lastKnownFileType = sourcecode.c.h; path = TSLanguageManager.h; sourceTree = "<group>"; };
		BF57B30F17D1CC3D00B39C03 /* TSLanguageManager.m */ = {isa = PBXFileReference; fileEncoding = 4; lastKnownFileType = sourcecode.c.objc; path = TSLanguageManager.m; sourceTree = "<group>"; };
		BF57B31317D1CE3B00B39C03 /* UIViewController+LoadingProgress.h */ = {isa = PBXFileReference; fileEncoding = 4; lastKnownFileType = sourcecode.c.h; path = "UIViewController+LoadingProgress.h"; sourceTree = "<group>"; };
		BF57B31417D1CE3B00B39C03 /* UIViewController+LoadingProgress.m */ = {isa = PBXFileReference; fileEncoding = 4; lastKnownFileType = sourcecode.c.objc; path = "UIViewController+LoadingProgress.m"; sourceTree = "<group>"; };
		BF57B31617D1F5FD00B39C03 /* profile_default_img.png */ = {isa = PBXFileReference; lastKnownFileType = image.png; path = profile_default_img.png; sourceTree = "<group>"; };
		BF57B31C17D20ABC00B39C03 /* Course.h */ = {isa = PBXFileReference; fileEncoding = 4; lastKnownFileType = sourcecode.c.h; path = Course.h; sourceTree = "<group>"; };
		BF57B31D17D20ABC00B39C03 /* Course.m */ = {isa = PBXFileReference; fileEncoding = 4; lastKnownFileType = sourcecode.c.objc; path = Course.m; sourceTree = "<group>"; };
		BF57B32117D210E200B39C03 /* Readme.md */ = {isa = PBXFileReference; fileEncoding = 4; lastKnownFileType = text; path = Readme.md; sourceTree = "<group>"; };
		BF57B32317D24DD900B39C03 /* FavoriteToolView.h */ = {isa = PBXFileReference; fileEncoding = 4; lastKnownFileType = sourcecode.c.h; path = FavoriteToolView.h; sourceTree = "<group>"; };
		BF57B32417D24DD900B39C03 /* FavoriteToolView.m */ = {isa = PBXFileReference; fileEncoding = 4; lastKnownFileType = sourcecode.c.objc; path = FavoriteToolView.m; sourceTree = "<group>"; };
		BF57B32617D2E6E800B39C03 /* StudentProfileViewController.h */ = {isa = PBXFileReference; fileEncoding = 4; lastKnownFileType = sourcecode.c.h; path = StudentProfileViewController.h; sourceTree = "<group>"; };
		BF57B32717D2E6E800B39C03 /* StudentProfileViewController.m */ = {isa = PBXFileReference; fileEncoding = 4; lastKnownFileType = sourcecode.c.objc; path = StudentProfileViewController.m; sourceTree = "<group>"; };
		BF57B32917D2E77400B39C03 /* StaffProfileViewController.h */ = {isa = PBXFileReference; fileEncoding = 4; lastKnownFileType = sourcecode.c.h; path = StaffProfileViewController.h; sourceTree = "<group>"; };
		BF57B32A17D2E77400B39C03 /* StaffProfileViewController.m */ = {isa = PBXFileReference; fileEncoding = 4; lastKnownFileType = sourcecode.c.objc; path = StaffProfileViewController.m; sourceTree = "<group>"; };
		BF57B32C17D2ED5800B39C03 /* FacultyAddressViewController.h */ = {isa = PBXFileReference; fileEncoding = 4; lastKnownFileType = sourcecode.c.h; path = FacultyAddressViewController.h; sourceTree = "<group>"; };
		BF57B32D17D2ED5900B39C03 /* FacultyAddressViewController.m */ = {isa = PBXFileReference; fileEncoding = 4; lastKnownFileType = sourcecode.c.objc; path = FacultyAddressViewController.m; sourceTree = "<group>"; };
		BF57B33017D2EDD700B39C03 /* FacultyMajorViewController.h */ = {isa = PBXFileReference; fileEncoding = 4; lastKnownFileType = sourcecode.c.h; path = FacultyMajorViewController.h; sourceTree = "<group>"; };
		BF57B33117D2EDD700B39C03 /* FacultyMajorViewController.m */ = {isa = PBXFileReference; fileEncoding = 4; lastKnownFileType = sourcecode.c.objc; path = FacultyMajorViewController.m; sourceTree = "<group>"; };
		BF57B33317D2EDED00B39C03 /* StaffAddressViewController.h */ = {isa = PBXFileReference; fileEncoding = 4; lastKnownFileType = sourcecode.c.h; path = StaffAddressViewController.h; sourceTree = "<group>"; };
		BF57B33417D2EDED00B39C03 /* StaffAddressViewController.m */ = {isa = PBXFileReference; fileEncoding = 4; lastKnownFileType = sourcecode.c.objc; path = StaffAddressViewController.m; sourceTree = "<group>"; };
		BF57B33717D2EE1000B39C03 /* StudentAddressViewController.h */ = {isa = PBXFileReference; fileEncoding = 4; lastKnownFileType = sourcecode.c.h; path = StudentAddressViewController.h; sourceTree = "<group>"; };
		BF57B33817D2EE1100B39C03 /* StudentAddressViewController.m */ = {isa = PBXFileReference; fileEncoding = 4; lastKnownFileType = sourcecode.c.objc; path = StudentAddressViewController.m; sourceTree = "<group>"; };
		BF57B34917D34A0200B39C03 /* MajorCell.h */ = {isa = PBXFileReference; fileEncoding = 4; lastKnownFileType = sourcecode.c.h; path = MajorCell.h; sourceTree = "<group>"; };
		BF57B34A17D34A0200B39C03 /* MajorCell.m */ = {isa = PBXFileReference; fileEncoding = 4; lastKnownFileType = sourcecode.c.objc; path = MajorCell.m; sourceTree = "<group>"; };
		BF57B34C17D38BF500B39C03 /* AddressViewController.h */ = {isa = PBXFileReference; fileEncoding = 4; lastKnownFileType = sourcecode.c.h; path = AddressViewController.h; sourceTree = "<group>"; };
		BF57B34D17D38BF500B39C03 /* AddressViewController.m */ = {isa = PBXFileReference; fileEncoding = 4; lastKnownFileType = sourcecode.c.objc; path = AddressViewController.m; sourceTree = "<group>"; };
		BF57B35217D38E8200B39C03 /* AddressCell.h */ = {isa = PBXFileReference; fileEncoding = 4; lastKnownFileType = sourcecode.c.h; path = AddressCell.h; sourceTree = "<group>"; };
		BF57B35317D38E8200B39C03 /* AddressCell.m */ = {isa = PBXFileReference; fileEncoding = 4; lastKnownFileType = sourcecode.c.objc; path = AddressCell.m; sourceTree = "<group>"; };
		BF57B35517D38EC400B39C03 /* StudentAddressCell.h */ = {isa = PBXFileReference; fileEncoding = 4; lastKnownFileType = sourcecode.c.h; path = StudentAddressCell.h; sourceTree = "<group>"; };
		BF57B35617D38EC600B39C03 /* StudentAddressCell.m */ = {isa = PBXFileReference; fileEncoding = 4; lastKnownFileType = sourcecode.c.objc; path = StudentAddressCell.m; sourceTree = "<group>"; };
		BF57B38917D78C1F00B39C03 /* StudentDetailViewController.h */ = {isa = PBXFileReference; fileEncoding = 4; lastKnownFileType = sourcecode.c.h; path = StudentDetailViewController.h; sourceTree = "<group>"; };
		BF57B38A17D78C2000B39C03 /* StudentDetailViewController.m */ = {isa = PBXFileReference; fileEncoding = 4; lastKnownFileType = sourcecode.c.objc; path = StudentDetailViewController.m; sourceTree = "<group>"; };
		BF57B38C17D7928200B39C03 /* StudentDetailToolView.h */ = {isa = PBXFileReference; fileEncoding = 4; lastKnownFileType = sourcecode.c.h; path = StudentDetailToolView.h; sourceTree = "<group>"; };
		BF57B38D17D7928300B39C03 /* StudentDetailToolView.m */ = {isa = PBXFileReference; fileEncoding = 4; lastKnownFileType = sourcecode.c.objc; path = StudentDetailToolView.m; sourceTree = "<group>"; };
		BF57B38F17D7996300B39C03 /* StudentToolView.h */ = {isa = PBXFileReference; fileEncoding = 4; lastKnownFileType = sourcecode.c.h; path = StudentToolView.h; sourceTree = "<group>"; };
		BF57B39017D7996400B39C03 /* StudentToolView.m */ = {isa = PBXFileReference; fileEncoding = 4; lastKnownFileType = sourcecode.c.objc; path = StudentToolView.m; sourceTree = "<group>"; };
		BF57B39317D79CD400B39C03 /* SmsViewController.h */ = {isa = PBXFileReference; fileEncoding = 4; lastKnownFileType = sourcecode.c.h; path = SmsViewController.h; sourceTree = "<group>"; };
		BF57B39417D79CD400B39C03 /* SmsViewController.m */ = {isa = PBXFileReference; fileEncoding = 4; lastKnownFileType = sourcecode.c.objc; path = SmsViewController.m; sourceTree = "<group>"; };
		BF57B39617D79D0D00B39C03 /* ToolViewController.h */ = {isa = PBXFileReference; fileEncoding = 4; lastKnownFileType = sourcecode.c.h; path = ToolViewController.h; sourceTree = "<group>"; };
		BF57B39717D79D0D00B39C03 /* ToolViewController.m */ = {isa = PBXFileReference; fileEncoding = 4; lastKnownFileType = sourcecode.c.objc; path = ToolViewController.m; sourceTree = "<group>"; };
		BF57B39917D8B90200B39C03 /* NSDate+Helper.h */ = {isa = PBXFileReference; fileEncoding = 4; lastKnownFileType = sourcecode.c.h; path = "NSDate+Helper.h"; sourceTree = "<group>"; };
		BF57B39A17D8B90200B39C03 /* NSDate+Helper.m */ = {isa = PBXFileReference; fileEncoding = 4; lastKnownFileType = sourcecode.c.objc; path = "NSDate+Helper.m"; sourceTree = "<group>"; };
		BF57B39C17D8F72B00B39C03 /* serviceTerms.html */ = {isa = PBXFileReference; fileEncoding = 4; lastKnownFileType = text.html; path = serviceTerms.html; sourceTree = "<group>"; };
		BF57B39D17D8F72B00B39C03 /* personTerms.html */ = {isa = PBXFileReference; fileEncoding = 4; lastKnownFileType = text.html; path = personTerms.html; sourceTree = "<group>"; };
/* End PBXFileReference section */

/* Begin PBXFrameworksBuildPhase section */
		5062B61217C4C10400A2495D /* Frameworks */ = {
			isa = PBXFrameworksBuildPhase;
			buildActionMask = 2147483647;
			files = (
				50C4A2D617D87BD9006DEC43 /* CoreTelephony.framework in Frameworks */,
				5062B61917C4C10400A2495D /* UIKit.framework in Frameworks */,
				5062B61B17C4C10400A2495D /* Foundation.framework in Frameworks */,
				5062B61D17C4C10400A2495D /* CoreGraphics.framework in Frameworks */,
				5062B61F17C4C10400A2495D /* CoreData.framework in Frameworks */,
				C473C86C32064D5EBC3D25E5 /* libPods.a in Frameworks */,
			);
			runOnlyForDeploymentPostprocessing = 0;
		};
/* End PBXFrameworksBuildPhase section */

/* Begin PBXGroup section */
		5052624717C7580F004C4724 /* Models */ = {
			isa = PBXGroup;
			children = (
				5062B63217C4C10400A2495D /* SMAddressBook.xcdatamodeld */,
				BF57B31C17D20ABC00B39C03 /* Course.h */,
				BF57B31D17D20ABC00B39C03 /* Course.m */,
				BF57B2EA17CFA40F00B39C03 /* Major.h */,
				BF57B2EB17CFA40F00B39C03 /* Major.m */,
				BF57B2E717CFA40F00B39C03 /* Faculty.h */,
				BF57B2E817CFA40F00B39C03 /* Faculty.m */,
				BF57B2E117CFA40F00B39C03 /* Student.h */,
				BF57B2E217CFA40F00B39C03 /* Student.m */,
				BF57B2DE17CFA40E00B39C03 /* Staff.h */,
				BF57B2DF17CFA40E00B39C03 /* Staff.m */,
			);
			name = Models;
			sourceTree = "<group>";
		};
		5062B60C17C4C10400A2495D = {
			isa = PBXGroup;
			children = (
				5062B63A17C4C12800A2495D /* Podfile */,
				BF57B32117D210E200B39C03 /* Readme.md */,
				5062B62017C4C10400A2495D /* SMAddressBook */,
				5062B61717C4C10400A2495D /* Frameworks */,
				5062B61617C4C10400A2495D /* Products */,
				A5FD54E7A9D24C3F9CB8849F /* Pods/Pods.xcconfig */,
			);
			sourceTree = "<group>";
		};
		5062B61617C4C10400A2495D /* Products */ = {
			isa = PBXGroup;
			children = (
				5062B61517C4C10400A2495D /* SMAddressBook.app */,
			);
			name = Products;
			sourceTree = "<group>";
		};
		5062B61717C4C10400A2495D /* Frameworks */ = {
			isa = PBXGroup;
			children = (
				5062B61817C4C10400A2495D /* UIKit.framework */,
				5062B61A17C4C10400A2495D /* Foundation.framework */,
				5062B61C17C4C10400A2495D /* CoreGraphics.framework */,
				5062B61E17C4C10400A2495D /* CoreData.framework */,
				50C4A2D417D87BC1006DEC43 /* CoreTelephony.framework */,
				9B3EE368BB1647438F672678 /* libPods.a */,
			);
			name = Frameworks;
			sourceTree = "<group>";
		};
		5062B62017C4C10400A2495D /* SMAddressBook */ = {
			isa = PBXGroup;
			children = (
				5062B62917C4C10400A2495D /* AppDelegate.h */,
				5062B62A17C4C10400A2495D /* AppDelegate.m */,
				BF57B30717D1CC3C00B39C03 /* Extern (외부 모듈) */,
				BF57B30017D1CC2A00B39C03 /* Category */,
				BF3B468017C86E6E0069AA9A /* Common (공통 모듈) */,
				5062B64B17C4CDBF00A2495D /* UserContext (사용자 정보) */,
				5052624717C7580F004C4724 /* Models */,
				BF3B465817C64BF20069AA9A /* Network (네트워크 모듈) */,
				5062B64717C4CCAF00A2495D /* BaseClass (기본 구성) */,
				5062B63F17C4CB8B00A2495D /* SideMenu (왼쪽 메뉴) */,
				5062B65217C4D25200A2495D /* Login (로그인) */,
				5062B64017C4CBA100A2495D /* 즐겨찾기(메인) 화면 */,
				BF57B39217D79C9B00B39C03 /* Tool (툴바 뷰) */,
				BF177E8917C9BC0600614485 /* CourseClass (주소록) */,
				BF177E9817CA6A7B00614485 /* 전체보기 */,
				BF177E8517C9BADD00614485 /* 내 정보 설정 */,
				BF177E8417C9BAC600614485 /* 즐겨찾기 설정 */,
				BF3B468B17C8DE7A0069AA9A /* Terms (약관 동의) */,
				BF177E8317C9BAB300614485 /* Help (도움말) */,
				5062B62117C4C10400A2495D /* Supporting Files */,
			);
			path = SMAddressBook;
			sourceTree = "<group>";
		};
		5062B62117C4C10400A2495D /* Supporting Files */ = {
			isa = PBXGroup;
			children = (
				BF57B39C17D8F72B00B39C03 /* serviceTerms.html */,
				BF57B39D17D8F72B00B39C03 /* personTerms.html */,
				BF3B466C17C6691E0069AA9A /* Localizable.strings */,
				5062B65317C4D72F00A2495D /* Assets */,
				5062B62217C4C10400A2495D /* SMAddressBook-Info.plist */,
				5062B62317C4C10400A2495D /* InfoPlist.strings */,
				5062B62617C4C10400A2495D /* main.m */,
				5062B62817C4C10400A2495D /* SMAddressBook-Prefix.pch */,
				5062B62C17C4C10400A2495D /* Default.png */,
				5062B62E17C4C10400A2495D /* Default@2x.png */,
				5062B63017C4C10400A2495D /* Default-568h@2x.png */,
			);
			name = "Supporting Files";
			sourceTree = "<group>";
		};
		5062B63F17C4CB8B00A2495D /* SideMenu (왼쪽 메뉴) */ = {
			isa = PBXGroup;
			children = (
				5062B64117C4CC0400A2495D /* MenuTableViewController.h */,
				5062B64217C4CC0400A2495D /* MenuTableViewController.m */,
				BF177E9517CA277C00614485 /* MenuCell.h */,
				BF177E9617CA277C00614485 /* MenuCell.m */,
			);
			name = "SideMenu (왼쪽 메뉴)";
			sourceTree = "<group>";
		};
		5062B64017C4CBA100A2495D /* 즐겨찾기(메인) 화면 */ = {
			isa = PBXGroup;
			children = (
				BF3B467017C67C180069AA9A /* FavoriteViewController.h */,
				BF3B467117C67C180069AA9A /* FavoriteViewController.m */,
				BF57B32317D24DD900B39C03 /* FavoriteToolView.h */,
				BF57B32417D24DD900B39C03 /* FavoriteToolView.m */,
				BF57B2DB17CF824A00B39C03 /* FavoriteCell.h */,
				BF57B2DC17CF824A00B39C03 /* FavoriteCell.m */,
			);
			name = "즐겨찾기(메인) 화면";
			sourceTree = "<group>";
		};
		5062B64717C4CCAF00A2495D /* BaseClass (기본 구성) */ = {
			isa = PBXGroup;
			children = (
				5062B64417C4CC2600A2495D /* BaseViewController.h */,
				5062B64517C4CC2600A2495D /* BaseViewController.m */,
				5062B64817C4CCEE00A2495D /* PortraitNavigationController.h */,
				5062B64917C4CCEE00A2495D /* PortraitNavigationController.m */,
			);
			name = "BaseClass (기본 구성)";
			sourceTree = "<group>";
		};
		5062B64B17C4CDBF00A2495D /* UserContext (사용자 정보) */ = {
			isa = PBXGroup;
			children = (
				5062B64C17C4CDDC00A2495D /* UserContext.h */,
				5062B64D17C4CDDC00A2495D /* UserContext.m */,
			);
			name = "UserContext (사용자 정보)";
			sourceTree = "<group>";
		};
		5062B65217C4D25200A2495D /* Login (로그인) */ = {
			isa = PBXGroup;
			children = (
				5062B64F17C4D24700A2495D /* LoginViewController.h */,
				5062B65017C4D24700A2495D /* LoginViewController.m */,
			);
			name = "Login (로그인)";
			sourceTree = "<group>";
		};
		5062B65317C4D72F00A2495D /* Assets */ = {
			isa = PBXGroup;
			children = (
				BF57B31617D1F5FD00B39C03 /* profile_default_img.png */,
				BF57B2F417D0C6E700B39C03 /* list_photo_on.png */,
				BF57B2F517D0C6E700B39C03 /* list_photo_on@2x.png */,
				BF57B2D917CE64E000B39C03 /* nocontents_img6@2x.png */,
				BF57B2C817CCE28400B39C03 /* btn_back.png */,
				BF57B2C917CCE28400B39C03 /* btn_back@2x.png */,
				BF57B2CA17CCE28400B39C03 /* btn_filter.png */,
				BF57B2CB17CCE28400B39C03 /* btn_filter@2x.png */,
				BF57B2CC17CCE28400B39C03 /* btn_home.png */,
				BF57B2CD17CCE28400B39C03 /* btn_home@2x.png */,
				BF177EA217CBB1B900614485 /* nav_title_bg@2x.png */,
				BF177E9117CA20AB00614485 /* profile_btn_my_set.png */,
				BF177E9217CA20AB00614485 /* profile_btn_my_set@2x.png */,
				BF177E8D17CA1FA000614485 /* menu_img.png */,
				BF177E8E17CA1FA000614485 /* menu_img@2x.png */,
				BF3B467917C84FF50069AA9A /* input_text_border.png */,
				BF3B467A17C84FF50069AA9A /* input_text_border@2x.png */,
				5062B65417C4D72F00A2495D /* 007-StockPhoto-320x568@2x.png */,
				5062B65517C4D72F00A2495D /* back-arrow.png */,
				5062B65617C4D72F00A2495D /* back-arrow@2x.png */,
				5062B65717C4D72F00A2495D /* btn_like_more.png */,
				5062B65817C4D72F00A2495D /* btn_like_more@2x.png */,
				5062B65917C4D72F00A2495D /* btn_menu.png */,
				5062B65A17C4D72F00A2495D /* btn_menu@2x.png */,
				5062B65B17C4D72F00A2495D /* cell_background.png */,
				5062B65C17C4D72F00A2495D /* cell_background@2x.png */,
				5062B65D17C4D72F00A2495D /* cell_selected_background.png */,
				5062B65E17C4D72F00A2495D /* cell_selected_background@2x.png */,
				5062B65F17C4D72F00A2495D /* check_off.png */,
				5062B66017C4D72F00A2495D /* check_off@2x.png */,
				5062B66117C4D72F00A2495D /* check_on.png */,
				5062B66217C4D72F00A2495D /* check_on@2x.png */,
				5062B66317C4D72F00A2495D /* common_doum_icon_off.png */,
				5062B66417C4D72F00A2495D /* common_doum_icon_off@2x.png */,
				5062B66517C4D72F00A2495D /* common_doum_icon_on.png */,
				5062B66617C4D72F00A2495D /* common_doum_icon_on@2x.png */,
				5062B66717C4D72F00A2495D /* common_input_search_icon.png */,
				5062B66817C4D72F00A2495D /* common_input_search_icon@2x.png */,
				5062B66917C4D72F00A2495D /* help_icon@2x.png */,
				5062B66A17C4D72F00A2495D /* icon_send_.png */,
				5062B66B17C4D72F00A2495D /* icon_send_@2x.png */,
				5062B66C17C4D72F00A2495D /* icon_suggest.png */,
				5062B66D17C4D72F00A2495D /* icon_suggest@2x.png */,
				5062B66E17C4D72F00A2495D /* left_cell_background.png */,
				5062B66F17C4D72F00A2495D /* left_cell_background@2x.png */,
				5062B67017C4D72F00A2495D /* left_cell_selected_background.png */,
				5062B67117C4D72F00A2495D /* left_cell_selected_background@2x.png */,
				5062B67217C4D72F00A2495D /* left_section_background.png */,
				5062B67317C4D72F00A2495D /* left_section_background@2x.png */,
				5062B67617C4D72F00A2495D /* music_layer_stop.png */,
				5062B67717C4D72F00A2495D /* music_layer_stop@2x.png */,
				5062B67817C4D72F00A2495D /* placeholder.png */,
				5062B67917C4D72F00A2495D /* placeholder@2x.png */,
				5062B67A17C4D72F00A2495D /* poi_icon_owner.png */,
				5062B67B17C4D72F00A2495D /* poi_icon_owner@2x.png */,
				5062B67C17C4D72F00A2495D /* photo_thumb.png */,
				5062B67D17C4D72F00A2495D /* photo_thumb@2x.png */,
				5062B67E17C4D72F00A2495D /* profile_iconbtn_1.png */,
				5062B67F17C4D72F00A2495D /* profile_iconbtn_1@2x.png */,
				5062B68017C4D72F00A2495D /* profile_iconbtn_3.png */,
				5062B68117C4D72F00A2495D /* profile_iconbtn_3@2x.png */,
				5062B68217C4D72F00A2495D /* profile_iconbtn_4.png */,
				5062B68317C4D72F00A2495D /* profile_iconbtn_4@2x.png */,
				5062B68417C4D72F00A2495D /* profile_iconbtn_5.png */,
				5062B68517C4D72F00A2495D /* profile_iconbtn_5@2x.png */,
				5062B68617C4D72F00A2495D /* profile_iconbtn_6.png */,
				5062B68717C4D72F00A2495D /* profile_iconbtn_6@2x.png */,
				5062B68817C4D72F00A2495D /* profile_iconbtn_9.png */,
				5062B68917C4D72F00A2495D /* profile_iconbtn_9@2x.png */,
				5062B68A17C4D72F00A2495D /* profile_noimg.png */,
				5062B68B17C4D72F00A2495D /* profile_noimg@2x.png */,
				5062B68C17C4D72F00A2495D /* search_background.png */,
				5062B68D17C4D72F00A2495D /* search_background@2x.png */,
				5062B68E17C4D72F00A2495D /* search_bar_background.png */,
				5062B68F17C4D72F00A2495D /* search_xbtn.png */,
				5062B69017C4D72F00A2495D /* search_xbtn@2x.png */,
				5062B69117C4D72F00A2495D /* seasrch_bar_background@2x.png */,
				5062B69217C4D72F00A2495D /* section_background.png */,
				5062B69317C4D72F00A2495D /* section_background@2x.png */,
				5062B69417C4D72F00A2495D /* tit_bar.png */,
				5062B69517C4D72F00A2495D /* tit_bar@2x.png */,
				5062B69817C4D72F00A2495D /* white_btn_bg2.png */,
				5062B69917C4D72F00A2495D /* white_btn_bg2@2x.png */,
			);
			path = Assets;
			sourceTree = "<group>";
		};
		BF177E8317C9BAB300614485 /* Help (도움말) */ = {
			isa = PBXGroup;
			children = (
				BF177E8017C9BAB000614485 /* HelpViewController.h */,
				BF177E8117C9BAB000614485 /* HelpViewController.m */,
			);
			name = "Help (도움말)";
			sourceTree = "<group>";
		};
		BF177E8417C9BAC600614485 /* 즐겨찾기 설정 */ = {
			isa = PBXGroup;
			children = (
				BF177E7D17C9BA9F00614485 /* FavoriteSettingViewController.h */,
				BF177E7E17C9BA9F00614485 /* FavoriteSettingViewController.m */,
			);
			name = "즐겨찾기 설정";
			sourceTree = "<group>";
		};
		BF177E8517C9BADD00614485 /* 내 정보 설정 */ = {
			isa = PBXGroup;
			children = (
				BF177E7A17C9BA8300614485 /* MyInfoViewController.h */,
				BF177E7B17C9BA8300614485 /* MyInfoViewController.m */,
				BF57B32617D2E6E800B39C03 /* StudentProfileViewController.h */,
				BF57B32717D2E6E800B39C03 /* StudentProfileViewController.m */,
				BF57B32917D2E77400B39C03 /* StaffProfileViewController.h */,
				BF57B32A17D2E77400B39C03 /* StaffProfileViewController.m */,
			);
			name = "내 정보 설정";
			sourceTree = "<group>";
		};
		BF177E8917C9BC0600614485 /* CourseClass (주소록) */ = {
			isa = PBXGroup;
			children = (
				BF57B37317D6555E00B39C03 /* old */,
				BF57B34C17D38BF500B39C03 /* AddressViewController.h */,
				BF57B34D17D38BF500B39C03 /* AddressViewController.m */,
				BF57B35217D38E8200B39C03 /* AddressCell.h */,
				BF57B35317D38E8200B39C03 /* AddressCell.m */,
				BF57B32F17D2ED6100B39C03 /* 교수진 주소록 */,
				BF57B33617D2EDF200B39C03 /* 교직원 주소록 */,
				BF57B33A17D2EE1400B39C03 /* 학생 주소록 */,
			);
			name = "CourseClass (주소록)";
			sourceTree = "<group>";
		};
		BF177E9817CA6A7B00614485 /* 전체보기 */ = {
			isa = PBXGroup;
			children = (
				BF177E8A17C9BC3D00614485 /* CourseTotalViewController.h */,
				BF177E8B17C9BC3D00614485 /* CourseTotalViewController.m */,
				BF177EA917CBBAE700614485 /* CourseClassCell.h */,
				BF177EAA17CBBAE700614485 /* CourseClassCell.m */,
			);
			name = "전체보기";
			sourceTree = "<group>";
		};
		BF3B465817C64BF20069AA9A /* Network (네트워크 모듈) */ = {
			isa = PBXGroup;
			children = (
				5052623317C72ACC004C4724 /* http_sample_data */,
				BF3B465417C64BDA0069AA9A /* SMNetworkClient.h */,
				BF3B465517C64BDA0069AA9A /* SMNetworkClient.m */,
			);
			name = "Network (네트워크 모듈)";
			sourceTree = "<group>";
		};
		BF3B468017C86E6E0069AA9A /* Common (공통 모듈) */ = {
			isa = PBXGroup;
			children = (
				BF3B467D17C86E680069AA9A /* LoadingView.h */,
				BF3B467E17C86E680069AA9A /* LoadingView.m */,
				50C4A2D117D87B86006DEC43 /* Util.h */,
				50C4A2D217D87B86006DEC43 /* Util.m */,
			);
			name = "Common (공통 모듈)";
			sourceTree = "<group>";
		};
		BF3B468B17C8DE7A0069AA9A /* Terms (약관 동의) */ = {
			isa = PBXGroup;
			children = (
				BF3B468817C8DE660069AA9A /* TermsViewController.h */,
				BF3B468917C8DE660069AA9A /* TermsViewController.m */,
			);
			name = "Terms (약관 동의)";
			sourceTree = "<group>";
		};
		BF57B30017D1CC2A00B39C03 /* Category */ = {
			isa = PBXGroup;
			children = (
				BF57B39917D8B90200B39C03 /* NSDate+Helper.h */,
				BF57B39A17D8B90200B39C03 /* NSDate+Helper.m */,
				BF57B30117D1CC2D00B39C03 /* NSString+MD5.h */,
				BF57B30217D1CC2D00B39C03 /* NSString+MD5.m */,
				BF57B30317D1CC2D00B39C03 /* UIView+Shadow.h */,
				BF57B30417D1CC2D00B39C03 /* UIView+Shadow.m */,
				BF57B31317D1CE3B00B39C03 /* UIViewController+LoadingProgress.h */,
				BF57B31417D1CE3B00B39C03 /* UIViewController+LoadingProgress.m */,
			);
			path = Category;
			sourceTree = "<group>";
		};
		BF57B30717D1CC3C00B39C03 /* Extern (외부 모듈) */ = {
			isa = PBXGroup;
			children = (
				BF57B30817D1CC3D00B39C03 /* MMHorizontalListView */,
				BF57B30D17D1CC3D00B39C03 /* TSLanguageManager */,
			);
			name = "Extern (외부 모듈)";
			path = Extern;
			sourceTree = "<group>";
		};
		BF57B30817D1CC3D00B39C03 /* MMHorizontalListView */ = {
			isa = PBXGroup;
			children = (
				BF57B30917D1CC3D00B39C03 /* MMHorizontalListView.h */,
				BF57B30A17D1CC3D00B39C03 /* MMHorizontalListView.m */,
				BF57B30B17D1CC3D00B39C03 /* MMHorizontalListViewCell.h */,
				BF57B30C17D1CC3D00B39C03 /* MMHorizontalListViewCell.m */,
			);
			path = MMHorizontalListView;
			sourceTree = "<group>";
		};
		BF57B30D17D1CC3D00B39C03 /* TSLanguageManager */ = {
			isa = PBXGroup;
			children = (
				BF57B30E17D1CC3D00B39C03 /* TSLanguageManager.h */,
				BF57B30F17D1CC3D00B39C03 /* TSLanguageManager.m */,
			);
			path = TSLanguageManager;
			sourceTree = "<group>";
		};
		BF57B32F17D2ED6100B39C03 /* 교수진 주소록 */ = {
			isa = PBXGroup;
			children = (
				BF57B33017D2EDD700B39C03 /* FacultyMajorViewController.h */,
				BF57B33117D2EDD700B39C03 /* FacultyMajorViewController.m */,
				BF57B34917D34A0200B39C03 /* MajorCell.h */,
				BF57B34A17D34A0200B39C03 /* MajorCell.m */,
				BF57B32C17D2ED5800B39C03 /* FacultyAddressViewController.h */,
				BF57B32D17D2ED5900B39C03 /* FacultyAddressViewController.m */,
			);
			name = "교수진 주소록";
			sourceTree = "<group>";
		};
		BF57B33617D2EDF200B39C03 /* 교직원 주소록 */ = {
			isa = PBXGroup;
			children = (
				BF57B33317D2EDED00B39C03 /* StaffAddressViewController.h */,
				BF57B33417D2EDED00B39C03 /* StaffAddressViewController.m */,
			);
			name = "교직원 주소록";
			sourceTree = "<group>";
		};
		BF57B33A17D2EE1400B39C03 /* 학생 주소록 */ = {
			isa = PBXGroup;
			children = (
				BF57B33717D2EE1000B39C03 /* StudentAddressViewController.h */,
				BF57B33817D2EE1100B39C03 /* StudentAddressViewController.m */,
				BF57B38F17D7996300B39C03 /* StudentToolView.h */,
				BF57B39017D7996400B39C03 /* StudentToolView.m */,
				BF57B35517D38EC400B39C03 /* StudentAddressCell.h */,
				BF57B35617D38EC600B39C03 /* StudentAddressCell.m */,
				BF57B38917D78C1F00B39C03 /* StudentDetailViewController.h */,
				BF57B38A17D78C2000B39C03 /* StudentDetailViewController.m */,
				BF57B38C17D7928200B39C03 /* StudentDetailToolView.h */,
				BF57B38D17D7928300B39C03 /* StudentDetailToolView.m */,
			);
			name = "학생 주소록";
			sourceTree = "<group>";
		};
		BF57B37317D6555E00B39C03 /* old */ = {
			isa = PBXGroup;
			children = (
				BF177E8617C9BBFF00614485 /* CourseClassViewController.h */,
				BF177E8717C9BBFF00614485 /* CourseClassViewController.m */,
				BF177E9C17CA6D1300614485 /* ContactCell.h */,
				BF177E9D17CA6D1300614485 /* ContactCell.m */,
				BF177E9F17CA70AF00614485 /* DetailViewController.h */,
				BF177EA017CA70AF00614485 /* DetailViewController.m */,
			);
			name = old;
			sourceTree = "<group>";
		};
		BF57B39217D79C9B00B39C03 /* Tool (툴바 뷰) */ = {
			isa = PBXGroup;
			children = (
				BF57B39617D79D0D00B39C03 /* ToolViewController.h */,
				BF57B39717D79D0D00B39C03 /* ToolViewController.m */,
				BF57B39317D79CD400B39C03 /* SmsViewController.h */,
				BF57B39417D79CD400B39C03 /* SmsViewController.m */,
			);
			name = "Tool (툴바 뷰)";
			sourceTree = "<group>";
		};
/* End PBXGroup section */

/* Begin PBXNativeTarget section */
		5062B61417C4C10400A2495D /* SMAddressBook */ = {
			isa = PBXNativeTarget;
			buildConfigurationList = 5062B63717C4C10400A2495D /* Build configuration list for PBXNativeTarget "SMAddressBook" */;
			buildPhases = (
				989E09B854D641A6BE2A8057 /* Check Pods Manifest.lock */,
				5062B61117C4C10400A2495D /* Sources */,
				5062B61217C4C10400A2495D /* Frameworks */,
				5062B61317C4C10400A2495D /* Resources */,
				0E443DF8D0304DF2BBC618AE /* Copy Pods Resources */,
			);
			buildRules = (
			);
			dependencies = (
			);
			name = SMAddressBook;
			productName = SMAddressBook;
			productReference = 5062B61517C4C10400A2495D /* SMAddressBook.app */;
			productType = "com.apple.product-type.application";
		};
/* End PBXNativeTarget section */

/* Begin PBXProject section */
		5062B60D17C4C10400A2495D /* Project object */ = {
			isa = PBXProject;
			attributes = {
				LastUpgradeCheck = 0460;
				ORGANIZATIONNAME = sochae;
			};
			buildConfigurationList = 5062B61017C4C10400A2495D /* Build configuration list for PBXProject "SMAddressBook" */;
			compatibilityVersion = "Xcode 3.2";
			developmentRegion = English;
			hasScannedForEncodings = 0;
			knownRegions = (
				en,
				ko,
			);
			mainGroup = 5062B60C17C4C10400A2495D;
			productRefGroup = 5062B61617C4C10400A2495D /* Products */;
			projectDirPath = "";
			projectRoot = "";
			targets = (
				5062B61417C4C10400A2495D /* SMAddressBook */,
			);
		};
/* End PBXProject section */

/* Begin PBXResourcesBuildPhase section */
		5062B61317C4C10400A2495D /* Resources */ = {
			isa = PBXResourcesBuildPhase;
			buildActionMask = 2147483647;
			files = (
				5062B62517C4C10400A2495D /* InfoPlist.strings in Resources */,
				5062B62D17C4C10400A2495D /* Default.png in Resources */,
				5062B62F17C4C10400A2495D /* Default@2x.png in Resources */,
				5062B63117C4C10400A2495D /* Default-568h@2x.png in Resources */,
				5062B63B17C4C12800A2495D /* Podfile in Resources */,
				5062B69A17C4D72F00A2495D /* 007-StockPhoto-320x568@2x.png in Resources */,
				5062B69B17C4D72F00A2495D /* back-arrow.png in Resources */,
				5062B69C17C4D72F00A2495D /* back-arrow@2x.png in Resources */,
				5062B69D17C4D72F00A2495D /* btn_like_more.png in Resources */,
				5062B69E17C4D72F00A2495D /* btn_like_more@2x.png in Resources */,
				5062B69F17C4D72F00A2495D /* btn_menu.png in Resources */,
				5062B6A017C4D72F00A2495D /* btn_menu@2x.png in Resources */,
				5062B6A117C4D72F00A2495D /* cell_background.png in Resources */,
				5062B6A217C4D72F00A2495D /* cell_background@2x.png in Resources */,
				5062B6A317C4D72F00A2495D /* cell_selected_background.png in Resources */,
				5062B6A417C4D72F00A2495D /* cell_selected_background@2x.png in Resources */,
				5062B6A517C4D72F00A2495D /* check_off.png in Resources */,
				5062B6A617C4D72F00A2495D /* check_off@2x.png in Resources */,
				5062B6A717C4D72F00A2495D /* check_on.png in Resources */,
				5062B6A817C4D72F00A2495D /* check_on@2x.png in Resources */,
				5062B6A917C4D72F00A2495D /* common_doum_icon_off.png in Resources */,
				5062B6AA17C4D72F00A2495D /* common_doum_icon_off@2x.png in Resources */,
				5062B6AB17C4D72F00A2495D /* common_doum_icon_on.png in Resources */,
				5062B6AC17C4D72F00A2495D /* common_doum_icon_on@2x.png in Resources */,
				5062B6AD17C4D72F00A2495D /* common_input_search_icon.png in Resources */,
				5062B6AE17C4D72F00A2495D /* common_input_search_icon@2x.png in Resources */,
				5062B6AF17C4D72F00A2495D /* help_icon@2x.png in Resources */,
				5062B6B017C4D72F00A2495D /* icon_send_.png in Resources */,
				5062B6B117C4D72F00A2495D /* icon_send_@2x.png in Resources */,
				5062B6B217C4D72F00A2495D /* icon_suggest.png in Resources */,
				5062B6B317C4D72F00A2495D /* icon_suggest@2x.png in Resources */,
				5062B6B417C4D72F00A2495D /* left_cell_background.png in Resources */,
				5062B6B517C4D72F00A2495D /* left_cell_background@2x.png in Resources */,
				5062B6B617C4D72F00A2495D /* left_cell_selected_background.png in Resources */,
				5062B6B717C4D72F00A2495D /* left_cell_selected_background@2x.png in Resources */,
				5062B6B817C4D72F00A2495D /* left_section_background.png in Resources */,
				5062B6B917C4D72F00A2495D /* left_section_background@2x.png in Resources */,
				5062B6BC17C4D72F00A2495D /* music_layer_stop.png in Resources */,
				5062B6BD17C4D72F00A2495D /* music_layer_stop@2x.png in Resources */,
				5062B6BE17C4D72F00A2495D /* placeholder.png in Resources */,
				5062B6BF17C4D72F00A2495D /* placeholder@2x.png in Resources */,
				5062B6C017C4D72F00A2495D /* poi_icon_owner.png in Resources */,
				5062B6C117C4D72F00A2495D /* poi_icon_owner@2x.png in Resources */,
				5062B6C217C4D72F00A2495D /* photo_thumb.png in Resources */,
				5062B6C317C4D72F00A2495D /* photo_thumb@2x.png in Resources */,
				5062B6C417C4D72F00A2495D /* profile_iconbtn_1.png in Resources */,
				5062B6C517C4D72F00A2495D /* profile_iconbtn_1@2x.png in Resources */,
				5062B6C617C4D72F00A2495D /* profile_iconbtn_3.png in Resources */,
				5062B6C717C4D72F00A2495D /* profile_iconbtn_3@2x.png in Resources */,
				5062B6C817C4D72F00A2495D /* profile_iconbtn_4.png in Resources */,
				5062B6C917C4D72F00A2495D /* profile_iconbtn_4@2x.png in Resources */,
				5062B6CA17C4D72F00A2495D /* profile_iconbtn_5.png in Resources */,
				5062B6CB17C4D72F00A2495D /* profile_iconbtn_5@2x.png in Resources */,
				5062B6CC17C4D72F00A2495D /* profile_iconbtn_6.png in Resources */,
				5062B6CD17C4D72F00A2495D /* profile_iconbtn_6@2x.png in Resources */,
				5062B6CE17C4D72F00A2495D /* profile_iconbtn_9.png in Resources */,
				5062B6CF17C4D72F00A2495D /* profile_iconbtn_9@2x.png in Resources */,
				5062B6D017C4D72F00A2495D /* profile_noimg.png in Resources */,
				5062B6D117C4D72F00A2495D /* profile_noimg@2x.png in Resources */,
				5062B6D217C4D72F00A2495D /* search_background.png in Resources */,
				5062B6D317C4D72F00A2495D /* search_background@2x.png in Resources */,
				5062B6D417C4D72F00A2495D /* search_bar_background.png in Resources */,
				5062B6D517C4D72F00A2495D /* search_xbtn.png in Resources */,
				5062B6D617C4D72F00A2495D /* search_xbtn@2x.png in Resources */,
				5062B6D717C4D72F00A2495D /* seasrch_bar_background@2x.png in Resources */,
				5062B6D817C4D72F00A2495D /* section_background.png in Resources */,
				5062B6D917C4D72F00A2495D /* section_background@2x.png in Resources */,
				5062B6DA17C4D72F00A2495D /* tit_bar.png in Resources */,
				5062B6DB17C4D72F00A2495D /* tit_bar@2x.png in Resources */,
				5062B6DE17C4D72F00A2495D /* white_btn_bg2.png in Resources */,
				5062B6DF17C4D72F00A2495D /* white_btn_bg2@2x.png in Resources */,
				BF3B466E17C6691E0069AA9A /* Localizable.strings in Resources */,
				5052623417C72ACC004C4724 /* http_sample_data in Resources */,
				BF3B467B17C84FF50069AA9A /* input_text_border.png in Resources */,
				BF3B467C17C84FF50069AA9A /* input_text_border@2x.png in Resources */,
				BF177E8F17CA1FA000614485 /* menu_img.png in Resources */,
				BF177E9017CA1FA000614485 /* menu_img@2x.png in Resources */,
				BF177E9317CA20AB00614485 /* profile_btn_my_set.png in Resources */,
				BF177E9417CA20AB00614485 /* profile_btn_my_set@2x.png in Resources */,
				BF177EA317CBB1B900614485 /* nav_title_bg@2x.png in Resources */,
				BF57B2CE17CCE28400B39C03 /* btn_back.png in Resources */,
				BF57B2CF17CCE28400B39C03 /* btn_back@2x.png in Resources */,
				BF57B2D017CCE28400B39C03 /* btn_filter.png in Resources */,
				BF57B2D117CCE28400B39C03 /* btn_filter@2x.png in Resources */,
				BF57B2D217CCE28400B39C03 /* btn_home.png in Resources */,
				BF57B2D317CCE28400B39C03 /* btn_home@2x.png in Resources */,
				BF57B2DA17CE64E000B39C03 /* nocontents_img6@2x.png in Resources */,
				BF57B2F617D0C6E700B39C03 /* list_photo_on.png in Resources */,
				BF57B2F717D0C6E700B39C03 /* list_photo_on@2x.png in Resources */,
				BF57B31717D1F5FD00B39C03 /* profile_default_img.png in Resources */,
				BF57B32217D210E300B39C03 /* Readme.md in Resources */,
				BF57B39E17D8F72B00B39C03 /* serviceTerms.html in Resources */,
				BF57B39F17D8F72B00B39C03 /* personTerms.html in Resources */,
			);
			runOnlyForDeploymentPostprocessing = 0;
		};
/* End PBXResourcesBuildPhase section */

/* Begin PBXShellScriptBuildPhase section */
		0E443DF8D0304DF2BBC618AE /* Copy Pods Resources */ = {
			isa = PBXShellScriptBuildPhase;
			buildActionMask = 2147483647;
			files = (
			);
			inputPaths = (
			);
			name = "Copy Pods Resources";
			outputPaths = (
			);
			runOnlyForDeploymentPostprocessing = 0;
			shellPath = /bin/sh;
			shellScript = "\"${SRCROOT}/Pods/Pods-resources.sh\"\n";
			showEnvVarsInLog = 0;
		};
		989E09B854D641A6BE2A8057 /* Check Pods Manifest.lock */ = {
			isa = PBXShellScriptBuildPhase;
			buildActionMask = 2147483647;
			files = (
			);
			inputPaths = (
			);
			name = "Check Pods Manifest.lock";
			outputPaths = (
			);
			runOnlyForDeploymentPostprocessing = 0;
			shellPath = /bin/sh;
			shellScript = "diff \"${PODS_ROOT}/../Podfile.lock\" \"${PODS_ROOT}/Manifest.lock\" > /dev/null\nif [[ $? != 0 ]] ; then\n    cat << EOM\nerror: The sandbox is not in sync with the Podfile.lock. Run 'pod install' or update your CocoaPods installation.\nEOM\n    exit 1\nfi\n";
			showEnvVarsInLog = 0;
		};
/* End PBXShellScriptBuildPhase section */

/* Begin PBXSourcesBuildPhase section */
		5062B61117C4C10400A2495D /* Sources */ = {
			isa = PBXSourcesBuildPhase;
			buildActionMask = 2147483647;
			files = (
				5062B62717C4C10400A2495D /* main.m in Sources */,
				5062B62B17C4C10400A2495D /* AppDelegate.m in Sources */,
				5062B63417C4C10400A2495D /* SMAddressBook.xcdatamodeld in Sources */,
				5062B64317C4CC0400A2495D /* MenuTableViewController.m in Sources */,
				5062B64617C4CC2700A2495D /* BaseViewController.m in Sources */,
				5062B64A17C4CCEE00A2495D /* PortraitNavigationController.m in Sources */,
				5062B64E17C4CDDC00A2495D /* UserContext.m in Sources */,
				5062B65117C4D24700A2495D /* LoginViewController.m in Sources */,
				BF3B465617C64BDA0069AA9A /* SMNetworkClient.m in Sources */,
				BF3B467217C67C180069AA9A /* FavoriteViewController.m in Sources */,
				BF3B467F17C86E680069AA9A /* LoadingView.m in Sources */,
				BF3B468A17C8DE660069AA9A /* TermsViewController.m in Sources */,
				BF177E7C17C9BA8300614485 /* MyInfoViewController.m in Sources */,
				BF177E7F17C9BA9F00614485 /* FavoriteSettingViewController.m in Sources */,
				BF177E8217C9BAB000614485 /* HelpViewController.m in Sources */,
				BF177E8817C9BBFF00614485 /* CourseClassViewController.m in Sources */,
				BF177E8C17C9BC3D00614485 /* CourseTotalViewController.m in Sources */,
				BF177E9717CA277C00614485 /* MenuCell.m in Sources */,
				BF177E9E17CA6D1300614485 /* ContactCell.m in Sources */,
				BF177EA117CA70AF00614485 /* DetailViewController.m in Sources */,
				BF177EAB17CBBAE700614485 /* CourseClassCell.m in Sources */,
				BF57B2DD17CF824A00B39C03 /* FavoriteCell.m in Sources */,
				BF57B2E017CFA40E00B39C03 /* Staff.m in Sources */,
				BF57B2E317CFA40F00B39C03 /* Student.m in Sources */,
				BF57B2E917CFA40F00B39C03 /* Faculty.m in Sources */,
				BF57B2EC17CFA40F00B39C03 /* Major.m in Sources */,
				BF57B30517D1CC2D00B39C03 /* NSString+MD5.m in Sources */,
				BF57B30617D1CC2D00B39C03 /* UIView+Shadow.m in Sources */,
				BF57B31017D1CC3D00B39C03 /* MMHorizontalListView.m in Sources */,
				BF57B31117D1CC3D00B39C03 /* MMHorizontalListViewCell.m in Sources */,
				BF57B31217D1CC3D00B39C03 /* TSLanguageManager.m in Sources */,
				BF57B31517D1CE3B00B39C03 /* UIViewController+LoadingProgress.m in Sources */,
				BF57B31E17D20ABC00B39C03 /* Course.m in Sources */,
				BF57B32517D24DDA00B39C03 /* FavoriteToolView.m in Sources */,
				BF57B32817D2E6E800B39C03 /* StudentProfileViewController.m in Sources */,
				BF57B32B17D2E77400B39C03 /* StaffProfileViewController.m in Sources */,
				BF57B32E17D2ED5900B39C03 /* FacultyAddressViewController.m in Sources */,
				BF57B33217D2EDD700B39C03 /* FacultyMajorViewController.m in Sources */,
				BF57B33517D2EDED00B39C03 /* StaffAddressViewController.m in Sources */,
				BF57B33917D2EE1100B39C03 /* StudentAddressViewController.m in Sources */,
				BF57B34B17D34A0300B39C03 /* MajorCell.m in Sources */,
				BF57B34E17D38BF600B39C03 /* AddressViewController.m in Sources */,
				BF57B35417D38E8200B39C03 /* AddressCell.m in Sources */,
				BF57B35717D38EC700B39C03 /* StudentAddressCell.m in Sources */,
				BF57B38B17D78C2000B39C03 /* StudentDetailViewController.m in Sources */,
				BF57B38E17D7928400B39C03 /* StudentDetailToolView.m in Sources */,
				BF57B39117D7996500B39C03 /* StudentToolView.m in Sources */,
				BF57B39517D79CD400B39C03 /* SmsViewController.m in Sources */,
				BF57B39817D79D0D00B39C03 /* ToolViewController.m in Sources */,
				50C4A2D317D87B86006DEC43 /* Util.m in Sources */,
				BF57B39B17D8B90200B39C03 /* NSDate+Helper.m in Sources */,
			);
			runOnlyForDeploymentPostprocessing = 0;
		};
/* End PBXSourcesBuildPhase section */

/* Begin PBXVariantGroup section */
		5062B62317C4C10400A2495D /* InfoPlist.strings */ = {
			isa = PBXVariantGroup;
			children = (
				5062B62417C4C10400A2495D /* en */,
				BF3B466B17C6664F0069AA9A /* ko */,
			);
			name = InfoPlist.strings;
			sourceTree = "<group>";
		};
		BF3B466C17C6691E0069AA9A /* Localizable.strings */ = {
			isa = PBXVariantGroup;
			children = (
				BF3B466D17C6691E0069AA9A /* ko */,
				BF3B466F17C6692B0069AA9A /* en */,
			);
			name = Localizable.strings;
			sourceTree = "<group>";
		};
/* End PBXVariantGroup section */

/* Begin XCBuildConfiguration section */
		5062B63517C4C10400A2495D /* Debug */ = {
			isa = XCBuildConfiguration;
			buildSettings = {
				ALWAYS_SEARCH_USER_PATHS = NO;
				CLANG_CXX_LANGUAGE_STANDARD = "gnu++0x";
				CLANG_CXX_LIBRARY = "libc++";
				CLANG_ENABLE_OBJC_ARC = YES;
				CLANG_WARN_CONSTANT_CONVERSION = YES;
				CLANG_WARN_EMPTY_BODY = YES;
				CLANG_WARN_ENUM_CONVERSION = YES;
				CLANG_WARN_INT_CONVERSION = YES;
				CLANG_WARN__DUPLICATE_METHOD_MATCH = YES;
				"CODE_SIGN_IDENTITY[sdk=iphoneos*]" = "iPhone Developer";
				COPY_PHASE_STRIP = NO;
				GCC_C_LANGUAGE_STANDARD = gnu99;
				GCC_DYNAMIC_NO_PIC = NO;
				GCC_OPTIMIZATION_LEVEL = 0;
				GCC_PREPROCESSOR_DEFINITIONS = (
					"DEBUG=1",
					"$(inherited)",
				);
				GCC_SYMBOLS_PRIVATE_EXTERN = NO;
				GCC_WARN_ABOUT_RETURN_TYPE = YES;
				GCC_WARN_UNINITIALIZED_AUTOS = YES;
				GCC_WARN_UNUSED_VARIABLE = YES;
				IPHONEOS_DEPLOYMENT_TARGET = 6.1;
				ONLY_ACTIVE_ARCH = YES;
				SDKROOT = iphoneos;
			};
			name = Debug;
		};
		5062B63617C4C10400A2495D /* Release */ = {
			isa = XCBuildConfiguration;
			buildSettings = {
				ALWAYS_SEARCH_USER_PATHS = NO;
				CLANG_CXX_LANGUAGE_STANDARD = "gnu++0x";
				CLANG_CXX_LIBRARY = "libc++";
				CLANG_ENABLE_OBJC_ARC = YES;
				CLANG_WARN_CONSTANT_CONVERSION = YES;
				CLANG_WARN_EMPTY_BODY = YES;
				CLANG_WARN_ENUM_CONVERSION = YES;
				CLANG_WARN_INT_CONVERSION = YES;
				CLANG_WARN__DUPLICATE_METHOD_MATCH = YES;
				"CODE_SIGN_IDENTITY[sdk=iphoneos*]" = "iPhone Developer";
				COPY_PHASE_STRIP = YES;
				GCC_C_LANGUAGE_STANDARD = gnu99;
				GCC_WARN_ABOUT_RETURN_TYPE = YES;
				GCC_WARN_UNINITIALIZED_AUTOS = YES;
				GCC_WARN_UNUSED_VARIABLE = YES;
				IPHONEOS_DEPLOYMENT_TARGET = 6.1;
				OTHER_CFLAGS = "-DNS_BLOCK_ASSERTIONS=1";
				SDKROOT = iphoneos;
				VALIDATE_PRODUCT = YES;
			};
			name = Release;
		};
		5062B63817C4C10400A2495D /* Debug */ = {
			isa = XCBuildConfiguration;
			baseConfigurationReference = A5FD54E7A9D24C3F9CB8849F /* Pods/Pods.xcconfig */;
			buildSettings = {
				GCC_PRECOMPILE_PREFIX_HEADER = YES;
				GCC_PREFIX_HEADER = "SMAddressBook/SMAddressBook-Prefix.pch";
				INFOPLIST_FILE = "SMAddressBook/SMAddressBook-Info.plist";
				PRODUCT_NAME = "$(TARGET_NAME)";
				WRAPPER_EXTENSION = app;
			};
			name = Debug;
		};
		5062B63917C4C10400A2495D /* Release */ = {
			isa = XCBuildConfiguration;
			baseConfigurationReference = A5FD54E7A9D24C3F9CB8849F /* Pods/Pods.xcconfig */;
			buildSettings = {
				GCC_PRECOMPILE_PREFIX_HEADER = YES;
				GCC_PREFIX_HEADER = "SMAddressBook/SMAddressBook-Prefix.pch";
				INFOPLIST_FILE = "SMAddressBook/SMAddressBook-Info.plist";
				PRODUCT_NAME = "$(TARGET_NAME)";
				WRAPPER_EXTENSION = app;
			};
			name = Release;
		};
/* End XCBuildConfiguration section */

/* Begin XCConfigurationList section */
		5062B61017C4C10400A2495D /* Build configuration list for PBXProject "SMAddressBook" */ = {
			isa = XCConfigurationList;
			buildConfigurations = (
				5062B63517C4C10400A2495D /* Debug */,
				5062B63617C4C10400A2495D /* Release */,
			);
			defaultConfigurationIsVisible = 0;
			defaultConfigurationName = Release;
		};
		5062B63717C4C10400A2495D /* Build configuration list for PBXNativeTarget "SMAddressBook" */ = {
			isa = XCConfigurationList;
			buildConfigurations = (
				5062B63817C4C10400A2495D /* Debug */,
				5062B63917C4C10400A2495D /* Release */,
			);
			defaultConfigurationIsVisible = 0;
			defaultConfigurationName = Release;
		};
/* End XCConfigurationList section */

/* Begin XCVersionGroup section */
		5062B63217C4C10400A2495D /* SMAddressBook.xcdatamodeld */ = {
			isa = XCVersionGroup;
			children = (
				5062B63317C4C10400A2495D /* SMAddressBook.xcdatamodel */,
			);
			currentVersion = 5062B63317C4C10400A2495D /* SMAddressBook.xcdatamodel */;
			path = SMAddressBook.xcdatamodeld;
			sourceTree = "<group>";
			versionGroupType = wrapper.xcdatamodel;
		};
/* End XCVersionGroup section */
	};
	rootObject = 5062B60D17C4C10400A2495D /* Project object */;
}
