PODS:
  - ActionSheetPicker2 (0.1)
  - AFNetworking (1.3.3)
  - EasyTableView (1.1.1)
  - FontAwesome+iOS (0.1.1)
  - JSONKit (1.5pre)
  - MBProgressHUD (0.8)
  - MFSideMenu (0.5.4)
  - PPiAwesomeButton (1.2.9):
    - FontAwesome+iOS
  - PPiFlatSegmentedControl (1.3.3):
    - PPiAwesomeButton

DEPENDENCIES:
  - ActionSheetPicker2 (~> 0.1)
  - AFNetworking (~> 1.2)
  - EasyTableView
  - JSONKit (~> 1.3)
  - MBProgressHUD
  - MFSideMenu
  - PPiFlatSegmentedControl (~> 1.3.3)

SPEC CHECKSUMS:
  ActionSheetPicker2: 1a097a29ab437ea47356f3477e7a47e175a90445
  AFNetworking: 61fdd49e2ffe6380378df37b3b6e70630bb9dd66
  EasyTableView: 5d6f13647b9f381559bda84995e9e257541cae1f
  FontAwesome+iOS: 243c5309e90d5788909b0f859f75ecff4a20f88f
  JSONKit: 409734ab3407fce90ef7eaa95d7168f38d9a6601
  MBProgressHUD: 2bbc6f470111daf7f3eaa4eb12b8cbf01c4c0622
  MFSideMenu: f59e25c080097a701e108459c207fb22e1f62c30
  PPiAwesomeButton: 8d8bc4cf62d8c848e433a1f405e019deee2821dc
  PPiFlatSegmentedControl: 32d42c7f50cd2db1c40ee17a94d78da6f69d9813

COCOAPODS: 0.29.0
